// !$*UTF8*$!
{
	archiveVersion = 1;
	classes = {
	};
	objectVersion = 51;
	objects = {

/* Begin PBXBuildFile section */
		D7C804D0D4F7287E70E23F1F /* Pods_BasicSSAIPlayer.framework in Frameworks */ = {isa = PBXBuildFile; fileRef = CA9F0E27B2841A96E7791687 /* Pods_BasicSSAIPlayer.framework */; };
		E9227237223C357A000474A4 /* AppDelegate.swift in Sources */ = {isa = PBXBuildFile; fileRef = E9227236223C357A000474A4 /* AppDelegate.swift */; };
		E9227239223C357A000474A4 /* ViewController.swift in Sources */ = {isa = PBXBuildFile; fileRef = E9227238223C357A000474A4 /* ViewController.swift */; };
		E922723C223C357A000474A4 /* Main.storyboard in Resources */ = {isa = PBXBuildFile; fileRef = E922723A223C357A000474A4 /* Main.storyboard */; };
		E922723E223C357C000474A4 /* Assets.xcassets in Resources */ = {isa = PBXBuildFile; fileRef = E922723D223C357C000474A4 /* Assets.xcassets */; };
		E9227241223C357C000474A4 /* LaunchScreen.storyboard in Resources */ = {isa = PBXBuildFile; fileRef = E922723F223C357C000474A4 /* LaunchScreen.storyboard */; };
/* End PBXBuildFile section */

/* Begin PBXFileReference section */
		5CC90E78A83BEBD64841130C /* Pods-BasicSSAIPlayer.debug.xcconfig */ = {isa = PBXFileReference; includeInIndex = 1; lastKnownFileType = text.xcconfig; name = "Pods-BasicSSAIPlayer.debug.xcconfig"; path = "Pods/Target Support Files/Pods-BasicSSAIPlayer/Pods-BasicSSAIPlayer.debug.xcconfig"; sourceTree = "<group>"; };
		A94A199E4576CF4ADD6A86E8 /* Pods-BasicSSAIPlayer.release.xcconfig */ = {isa = PBXFileReference; includeInIndex = 1; lastKnownFileType = text.xcconfig; name = "Pods-BasicSSAIPlayer.release.xcconfig"; path = "Pods/Target Support Files/Pods-BasicSSAIPlayer/Pods-BasicSSAIPlayer.release.xcconfig"; sourceTree = "<group>"; };
		CA9F0E27B2841A96E7791687 /* Pods_BasicSSAIPlayer.framework */ = {isa = PBXFileReference; explicitFileType = wrapper.framework; includeInIndex = 0; path = Pods_BasicSSAIPlayer.framework; sourceTree = BUILT_PRODUCTS_DIR; };
		E9227233223C357A000474A4 /* BasicSSAIPlayer.app */ = {isa = PBXFileReference; explicitFileType = wrapper.application; includeInIndex = 0; path = BasicSSAIPlayer.app; sourceTree = BUILT_PRODUCTS_DIR; };
		E9227236223C357A000474A4 /* AppDelegate.swift */ = {isa = PBXFileReference; lastKnownFileType = sourcecode.swift; path = AppDelegate.swift; sourceTree = "<group>"; };
		E9227238223C357A000474A4 /* ViewController.swift */ = {isa = PBXFileReference; lastKnownFileType = sourcecode.swift; path = ViewController.swift; sourceTree = "<group>"; };
		E922723B223C357A000474A4 /* Base */ = {isa = PBXFileReference; lastKnownFileType = file.storyboard; name = Base; path = Base.lproj/Main.storyboard; sourceTree = "<group>"; };
		E922723D223C357C000474A4 /* Assets.xcassets */ = {isa = PBXFileReference; lastKnownFileType = folder.assetcatalog; path = Assets.xcassets; sourceTree = "<group>"; };
		E9227240223C357C000474A4 /* Base */ = {isa = PBXFileReference; lastKnownFileType = file.storyboard; name = Base; path = Base.lproj/LaunchScreen.storyboard; sourceTree = "<group>"; };
		E9227242223C357C000474A4 /* Info.plist */ = {isa = PBXFileReference; lastKnownFileType = text.plist.xml; path = Info.plist; sourceTree = "<group>"; };
/* End PBXFileReference section */

/* Begin PBXFrameworksBuildPhase section */
		E9227230223C357A000474A4 /* Frameworks */ = {
			isa = PBXFrameworksBuildPhase;
			buildActionMask = 2147483647;
			files = (
				D7C804D0D4F7287E70E23F1F /* Pods_BasicSSAIPlayer.framework in Frameworks */,
			);
			runOnlyForDeploymentPostprocessing = 0;
		};
/* End PBXFrameworksBuildPhase section */

/* Begin PBXGroup section */
		3086A0DC653D533CD5C52CDF /* Frameworks */ = {
			isa = PBXGroup;
			children = (
				CA9F0E27B2841A96E7791687 /* Pods_BasicSSAIPlayer.framework */,
			);
			name = Frameworks;
			sourceTree = "<group>";
		};
		CB206671697AD52984BBCF9C /* Pods */ = {
			isa = PBXGroup;
			children = (
				5CC90E78A83BEBD64841130C /* Pods-BasicSSAIPlayer.debug.xcconfig */,
				A94A199E4576CF4ADD6A86E8 /* Pods-BasicSSAIPlayer.release.xcconfig */,
			);
			name = Pods;
			sourceTree = "<group>";
		};
		E922722A223C357A000474A4 = {
			isa = PBXGroup;
			children = (
				E9227235223C357A000474A4 /* BasicSSAIPlayer */,
				E9227234223C357A000474A4 /* Products */,
				CB206671697AD52984BBCF9C /* Pods */,
				3086A0DC653D533CD5C52CDF /* Frameworks */,
			);
			sourceTree = "<group>";
		};
		E9227234223C357A000474A4 /* Products */ = {
			isa = PBXGroup;
			children = (
				E9227233223C357A000474A4 /* BasicSSAIPlayer.app */,
			);
			name = Products;
			sourceTree = "<group>";
		};
		E9227235223C357A000474A4 /* BasicSSAIPlayer */ = {
			isa = PBXGroup;
			children = (
				E9227236223C357A000474A4 /* AppDelegate.swift */,
				E9227238223C357A000474A4 /* ViewController.swift */,
				E922723A223C357A000474A4 /* Main.storyboard */,
				E922723D223C357C000474A4 /* Assets.xcassets */,
				E922723F223C357C000474A4 /* LaunchScreen.storyboard */,
				E9227242223C357C000474A4 /* Info.plist */,
			);
			path = BasicSSAIPlayer;
			sourceTree = "<group>";
		};
/* End PBXGroup section */

/* Begin PBXNativeTarget section */
		E9227232223C357A000474A4 /* BasicSSAIPlayer */ = {
			isa = PBXNativeTarget;
			buildConfigurationList = E9227245223C357C000474A4 /* Build configuration list for PBXNativeTarget "BasicSSAIPlayer" */;
			buildPhases = (
				C743B435D6FFB481A5B3F7C1 /* [CP] Check Pods Manifest.lock */,
				E922722F223C357A000474A4 /* Sources */,
				E9227230223C357A000474A4 /* Frameworks */,
				E9227231223C357A000474A4 /* Resources */,
				14B18ADC9B67B9488A49DF8C /* [CP] Embed Pods Frameworks */,
				EF8F1235A5943AEC7B1EBA95 /* [CP] Copy Pods Resources */,
			);
			buildRules = (
			);
			dependencies = (
			);
			name = BasicSSAIPlayer;
			productName = BasicSSAIPlayer;
			productReference = E9227233223C357A000474A4 /* BasicSSAIPlayer.app */;
			productType = "com.apple.product-type.application";
		};
/* End PBXNativeTarget section */

/* Begin PBXProject section */
		E922722B223C357A000474A4 /* Project object */ = {
			isa = PBXProject;
			attributes = {
				LastSwiftUpdateCheck = 1010;
				LastUpgradeCheck = 1010;
				ORGANIZATIONNAME = "Brightcove, Inc";
				TargetAttributes = {
					E9227232223C357A000474A4 = {
						CreatedOnToolsVersion = 10.1;
					};
				};
			};
			buildConfigurationList = E922722E223C357A000474A4 /* Build configuration list for PBXProject "BasicSSAIPlayer" */;
			compatibilityVersion = "Xcode 10.0";
			developmentRegion = en;
			hasScannedForEncodings = 0;
			knownRegions = (
				en,
				Base,
			);
			mainGroup = E922722A223C357A000474A4;
			productRefGroup = E9227234223C357A000474A4 /* Products */;
			projectDirPath = "";
			projectRoot = "";
			targets = (
				E9227232223C357A000474A4 /* BasicSSAIPlayer */,
			);
		};
/* End PBXProject section */

/* Begin PBXResourcesBuildPhase section */
		E9227231223C357A000474A4 /* Resources */ = {
			isa = PBXResourcesBuildPhase;
			buildActionMask = 2147483647;
			files = (
				E9227241223C357C000474A4 /* LaunchScreen.storyboard in Resources */,
				E922723E223C357C000474A4 /* Assets.xcassets in Resources */,
				E922723C223C357A000474A4 /* Main.storyboard in Resources */,
			);
			runOnlyForDeploymentPostprocessing = 0;
		};
/* End PBXResourcesBuildPhase section */

/* Begin PBXShellScriptBuildPhase section */
		14B18ADC9B67B9488A49DF8C /* [CP] Embed Pods Frameworks */ = {
			isa = PBXShellScriptBuildPhase;
			buildActionMask = 2147483647;
			files = (
			);
			inputFileListPaths = (
			);
			inputPaths = (
				"${SRCROOT}/Pods/Target Support Files/Pods-BasicSSAIPlayer/Pods-BasicSSAIPlayer-frameworks.sh",
				"${PODS_ROOT}/Brightcove-Player-Core/ios/dynamic/BrightcovePlayerSDK.framework",
				"${PODS_ROOT}/Brightcove-Player-OnceUX/ios/dynamic/BrightcoveOUX.framework",
			);
			name = "[CP] Embed Pods Frameworks";
			outputFileListPaths = (
			);
			outputPaths = (
				"${TARGET_BUILD_DIR}/${FRAMEWORKS_FOLDER_PATH}/BrightcovePlayerSDK.framework",
				"${TARGET_BUILD_DIR}/${FRAMEWORKS_FOLDER_PATH}/BrightcoveOUX.framework",
			);
			runOnlyForDeploymentPostprocessing = 0;
			shellPath = /bin/sh;
			shellScript = "\"${SRCROOT}/Pods/Target Support Files/Pods-BasicSSAIPlayer/Pods-BasicSSAIPlayer-frameworks.sh\"\n";
			showEnvVarsInLog = 0;
		};
		C743B435D6FFB481A5B3F7C1 /* [CP] Check Pods Manifest.lock */ = {
			isa = PBXShellScriptBuildPhase;
			buildActionMask = 2147483647;
			files = (
			);
			inputFileListPaths = (
			);
			inputPaths = (
				"${PODS_PODFILE_DIR_PATH}/Podfile.lock",
				"${PODS_ROOT}/Manifest.lock",
			);
			name = "[CP] Check Pods Manifest.lock";
			outputFileListPaths = (
			);
			outputPaths = (
				"$(DERIVED_FILE_DIR)/Pods-BasicSSAIPlayer-checkManifestLockResult.txt",
			);
			runOnlyForDeploymentPostprocessing = 0;
			shellPath = /bin/sh;
			shellScript = "diff \"${PODS_PODFILE_DIR_PATH}/Podfile.lock\" \"${PODS_ROOT}/Manifest.lock\" > /dev/null\nif [ $? != 0 ] ; then\n    # print error to STDERR\n    echo \"error: The sandbox is not in sync with the Podfile.lock. Run 'pod install' or update your CocoaPods installation.\" >&2\n    exit 1\nfi\n# This output is used by Xcode 'outputs' to avoid re-running this script phase.\necho \"SUCCESS\" > \"${SCRIPT_OUTPUT_FILE_0}\"\n";
			showEnvVarsInLog = 0;
		};
		EF8F1235A5943AEC7B1EBA95 /* [CP] Copy Pods Resources */ = {
			isa = PBXShellScriptBuildPhase;
			buildActionMask = 2147483647;
			files = (
			);
			inputFileListPaths = (
			);
			inputPaths = (
				"${SRCROOT}/Pods/Target Support Files/Pods-BasicSSAIPlayer/Pods-BasicSSAIPlayer-resources.sh",
				"${PODS_CONFIGURATION_BUILD_DIR}/Brightcove-Player-Core/BCOVPUIResources.bundle",
			);
			name = "[CP] Copy Pods Resources";
			outputFileListPaths = (
			);
			outputPaths = (
				"${TARGET_BUILD_DIR}/${UNLOCALIZED_RESOURCES_FOLDER_PATH}/BCOVPUIResources.bundle",
			);
			runOnlyForDeploymentPostprocessing = 0;
			shellPath = /bin/sh;
			shellScript = "\"${SRCROOT}/Pods/Target Support Files/Pods-BasicSSAIPlayer/Pods-BasicSSAIPlayer-resources.sh\"\n";
			showEnvVarsInLog = 0;
		};
/* End PBXShellScriptBuildPhase section */

/* Begin PBXSourcesBuildPhase section */
		E922722F223C357A000474A4 /* Sources */ = {
			isa = PBXSourcesBuildPhase;
			buildActionMask = 2147483647;
			files = (
				E9227239223C357A000474A4 /* ViewController.swift in Sources */,
				E9227237223C357A000474A4 /* AppDelegate.swift in Sources */,
			);
			runOnlyForDeploymentPostprocessing = 0;
		};
/* End PBXSourcesBuildPhase section */

/* Begin PBXVariantGroup section */
		E922723A223C357A000474A4 /* Main.storyboard */ = {
			isa = PBXVariantGroup;
			children = (
				E922723B223C357A000474A4 /* Base */,
			);
			name = Main.storyboard;
			sourceTree = "<group>";
		};
		E922723F223C357C000474A4 /* LaunchScreen.storyboard */ = {
			isa = PBXVariantGroup;
			children = (
				E9227240223C357C000474A4 /* Base */,
			);
			name = LaunchScreen.storyboard;
			sourceTree = "<group>";
		};
/* End PBXVariantGroup section */

/* Begin XCBuildConfiguration section */
		E9227243223C357C000474A4 /* Debug */ = {
			isa = XCBuildConfiguration;
			buildSettings = {
				ALWAYS_SEARCH_USER_PATHS = NO;
				CLANG_ANALYZER_NONNULL = YES;
				CLANG_ANALYZER_NUMBER_OBJECT_CONVERSION = YES_AGGRESSIVE;
				CLANG_CXX_LANGUAGE_STANDARD = "gnu++14";
				CLANG_CXX_LIBRARY = "libc++";
				CLANG_ENABLE_MODULES = YES;
				CLANG_ENABLE_OBJC_ARC = YES;
				CLANG_ENABLE_OBJC_WEAK = YES;
				CLANG_WARN_BLOCK_CAPTURE_AUTORELEASING = YES;
				CLANG_WARN_BOOL_CONVERSION = YES;
				CLANG_WARN_COMMA = YES;
				CLANG_WARN_CONSTANT_CONVERSION = YES;
				CLANG_WARN_DEPRECATED_OBJC_IMPLEMENTATIONS = YES;
				CLANG_WARN_DIRECT_OBJC_ISA_USAGE = YES_ERROR;
				CLANG_WARN_DOCUMENTATION_COMMENTS = YES;
				CLANG_WARN_EMPTY_BODY = YES;
				CLANG_WARN_ENUM_CONVERSION = YES;
				CLANG_WARN_INFINITE_RECURSION = YES;
				CLANG_WARN_INT_CONVERSION = YES;
				CLANG_WARN_NON_LITERAL_NULL_CONVERSION = YES;
				CLANG_WARN_OBJC_IMPLICIT_RETAIN_SELF = YES;
				CLANG_WARN_OBJC_LITERAL_CONVERSION = YES;
				CLANG_WARN_OBJC_ROOT_CLASS = YES_ERROR;
				CLANG_WARN_RANGE_LOOP_ANALYSIS = YES;
				CLANG_WARN_STRICT_PROTOTYPES = YES;
				CLANG_WARN_SUSPICIOUS_MOVE = YES;
				CLANG_WARN_UNGUARDED_AVAILABILITY = YES_AGGRESSIVE;
				CLANG_WARN_UNREACHABLE_CODE = YES;
				CLANG_WARN__DUPLICATE_METHOD_MATCH = YES;
				CODE_SIGN_IDENTITY = "iPhone Developer";
				COPY_PHASE_STRIP = NO;
				DEBUG_INFORMATION_FORMAT = dwarf;
				ENABLE_STRICT_OBJC_MSGSEND = YES;
				ENABLE_TESTABILITY = YES;
				GCC_C_LANGUAGE_STANDARD = gnu11;
				GCC_DYNAMIC_NO_PIC = NO;
				GCC_NO_COMMON_BLOCKS = YES;
				GCC_OPTIMIZATION_LEVEL = 0;
				GCC_PREPROCESSOR_DEFINITIONS = (
					"DEBUG=1",
					"$(inherited)",
				);
				GCC_WARN_64_TO_32_BIT_CONVERSION = YES;
				GCC_WARN_ABOUT_RETURN_TYPE = YES_ERROR;
				GCC_WARN_UNDECLARED_SELECTOR = YES;
				GCC_WARN_UNINITIALIZED_AUTOS = YES_AGGRESSIVE;
				GCC_WARN_UNUSED_FUNCTION = YES;
				GCC_WARN_UNUSED_VARIABLE = YES;
				IPHONEOS_DEPLOYMENT_TARGET = 12.1;
				MTL_ENABLE_DEBUG_INFO = INCLUDE_SOURCE;
				MTL_FAST_MATH = YES;
				ONLY_ACTIVE_ARCH = YES;
				SDKROOT = iphoneos;
				SWIFT_ACTIVE_COMPILATION_CONDITIONS = DEBUG;
				SWIFT_OPTIMIZATION_LEVEL = "-Onone";
			};
			name = Debug;
		};
		E9227244223C357C000474A4 /* Release */ = {
			isa = XCBuildConfiguration;
			buildSettings = {
				ALWAYS_SEARCH_USER_PATHS = NO;
				CLANG_ANALYZER_NONNULL = YES;
				CLANG_ANALYZER_NUMBER_OBJECT_CONVERSION = YES_AGGRESSIVE;
				CLANG_CXX_LANGUAGE_STANDARD = "gnu++14";
				CLANG_CXX_LIBRARY = "libc++";
				CLANG_ENABLE_MODULES = YES;
				CLANG_ENABLE_OBJC_ARC = YES;
				CLANG_ENABLE_OBJC_WEAK = YES;
				CLANG_WARN_BLOCK_CAPTURE_AUTORELEASING = YES;
				CLANG_WARN_BOOL_CONVERSION = YES;
				CLANG_WARN_COMMA = YES;
				CLANG_WARN_CONSTANT_CONVERSION = YES;
				CLANG_WARN_DEPRECATED_OBJC_IMPLEMENTATIONS = YES;
				CLANG_WARN_DIRECT_OBJC_ISA_USAGE = YES_ERROR;
				CLANG_WARN_DOCUMENTATION_COMMENTS = YES;
				CLANG_WARN_EMPTY_BODY = YES;
				CLANG_WARN_ENUM_CONVERSION = YES;
				CLANG_WARN_INFINITE_RECURSION = YES;
				CLANG_WARN_INT_CONVERSION = YES;
				CLANG_WARN_NON_LITERAL_NULL_CONVERSION = YES;
				CLANG_WARN_OBJC_IMPLICIT_RETAIN_SELF = YES;
				CLANG_WARN_OBJC_LITERAL_CONVERSION = YES;
				CLANG_WARN_OBJC_ROOT_CLASS = YES_ERROR;
				CLANG_WARN_RANGE_LOOP_ANALYSIS = YES;
				CLANG_WARN_STRICT_PROTOTYPES = YES;
				CLANG_WARN_SUSPICIOUS_MOVE = YES;
				CLANG_WARN_UNGUARDED_AVAILABILITY = YES_AGGRESSIVE;
				CLANG_WARN_UNREACHABLE_CODE = YES;
				CLANG_WARN__DUPLICATE_METHOD_MATCH = YES;
				CODE_SIGN_IDENTITY = "iPhone Developer";
				COPY_PHASE_STRIP = NO;
				DEBUG_INFORMATION_FORMAT = "dwarf-with-dsym";
				ENABLE_NS_ASSERTIONS = NO;
				ENABLE_STRICT_OBJC_MSGSEND = YES;
				GCC_C_LANGUAGE_STANDARD = gnu11;
				GCC_NO_COMMON_BLOCKS = YES;
				GCC_WARN_64_TO_32_BIT_CONVERSION = YES;
				GCC_WARN_ABOUT_RETURN_TYPE = YES_ERROR;
				GCC_WARN_UNDECLARED_SELECTOR = YES;
				GCC_WARN_UNINITIALIZED_AUTOS = YES_AGGRESSIVE;
				GCC_WARN_UNUSED_FUNCTION = YES;
				GCC_WARN_UNUSED_VARIABLE = YES;
				IPHONEOS_DEPLOYMENT_TARGET = 12.1;
				MTL_ENABLE_DEBUG_INFO = NO;
				MTL_FAST_MATH = YES;
				SDKROOT = iphoneos;
				SWIFT_COMPILATION_MODE = wholemodule;
				SWIFT_OPTIMIZATION_LEVEL = "-O";
				VALIDATE_PRODUCT = YES;
			};
			name = Release;
		};
		E9227246223C357C000474A4 /* Debug */ = {
			isa = XCBuildConfiguration;
			baseConfigurationReference = 5CC90E78A83BEBD64841130C /* Pods-BasicSSAIPlayer.debug.xcconfig */;
			buildSettings = {
				ASSETCATALOG_COMPILER_APPICON_NAME = AppIcon;
				CODE_SIGN_STYLE = Automatic;
				DEVELOPMENT_TEAM = "";
				INFOPLIST_FILE = BasicSSAIPlayer/Info.plist;
				IPHONEOS_DEPLOYMENT_TARGET = 10.0;
				LD_RUNPATH_SEARCH_PATHS = (
					"$(inherited)",
					"@executable_path/Frameworks",
				);
				PRODUCT_BUNDLE_IDENTIFIER = com.brightcove.BasicSSAIPlayer;
				PRODUCT_NAME = "$(TARGET_NAME)";
				SWIFT_VERSION = 4.2;
				TARGETED_DEVICE_FAMILY = "1,2";
			};
			name = Debug;
		};
		E9227247223C357C000474A4 /* Release */ = {
			isa = XCBuildConfiguration;
			baseConfigurationReference = A94A199E4576CF4ADD6A86E8 /* Pods-BasicSSAIPlayer.release.xcconfig */;
			buildSettings = {
				ASSETCATALOG_COMPILER_APPICON_NAME = AppIcon;
				CODE_SIGN_STYLE = Automatic;
				DEVELOPMENT_TEAM = "";
				INFOPLIST_FILE = BasicSSAIPlayer/Info.plist;
				IPHONEOS_DEPLOYMENT_TARGET = 10.0;
				LD_RUNPATH_SEARCH_PATHS = (
					"$(inherited)",
					"@executable_path/Frameworks",
				);
				PRODUCT_BUNDLE_IDENTIFIER = com.brightcove.BasicSSAIPlayer;
				PRODUCT_NAME = "$(TARGET_NAME)";
				SWIFT_VERSION = 4.2;
				TARGETED_DEVICE_FAMILY = "1,2";
			};
			name = Release;
		};
/* End XCBuildConfiguration section */

/* Begin XCConfigurationList section */
		E922722E223C357A000474A4 /* Build configuration list for PBXProject "BasicSSAIPlayer" */ = {
			isa = XCConfigurationList;
			buildConfigurations = (
				E9227243223C357C000474A4 /* Debug */,
				E9227244223C357C000474A4 /* Release */,
			);
			defaultConfigurationIsVisible = 0;
			defaultConfigurationName = Release;
		};
		E9227245223C357C000474A4 /* Build configuration list for PBXNativeTarget "BasicSSAIPlayer" */ = {
			isa = XCConfigurationList;
			buildConfigurations = (
				E9227246223C357C000474A4 /* Debug */,
				E9227247223C357C000474A4 /* Release */,
			);
			defaultConfigurationIsVisible = 0;
			defaultConfigurationName = Release;
		};
/* End XCConfigurationList section */
	};
	rootObject = E922722B223C357A000474A4 /* Project object */;
}
