// !$*UTF8*$!
{
	archiveVersion = 1;
	classes = {
	};
	objectVersion = 51;
	objects = {

/* Begin PBXBuildFile section */
		D688F07A23F759700069047B /* AppDelegate.m in Sources */ = {isa = PBXBuildFile; fileRef = D688F07923F759700069047B /* AppDelegate.m */; };
		D688F07D23F759700069047B /* ViewController.m in Sources */ = {isa = PBXBuildFile; fileRef = D688F07C23F759700069047B /* ViewController.m */; };
		D688F08023F759700069047B /* Main.storyboard in Resources */ = {isa = PBXBuildFile; fileRef = D688F07E23F759700069047B /* Main.storyboard */; };
		D688F08223F759730069047B /* Assets.xcassets in Resources */ = {isa = PBXBuildFile; fileRef = D688F08123F759730069047B /* Assets.xcassets */; };
		D688F08523F759730069047B /* LaunchScreen.storyboard in Resources */ = {isa = PBXBuildFile; fileRef = D688F08323F759730069047B /* LaunchScreen.storyboard */; };
		D688F08823F759730069047B /* main.m in Sources */ = {isa = PBXBuildFile; fileRef = D688F08723F759730069047B /* main.m */; };
		D688F08F23F759E20069047B /* Library.json in Resources */ = {isa = PBXBuildFile; fileRef = D688F08E23F759E20069047B /* Library.json */; };
		D688F14B23FC4D710069047B /* BCOVPulseVideoItem.m in Sources */ = {isa = PBXBuildFile; fileRef = D688F14A23FC4D710069047B /* BCOVPulseVideoItem.m */; };
		D688F14E23FC4DC10069047B /* ListViewController.m in Sources */ = {isa = PBXBuildFile; fileRef = D688F14D23FC4DC10069047B /* ListViewController.m */; };
/* End PBXBuildFile section */

/* Begin PBXCopyFilesBuildPhase section */
		D688F09023F75D4E0069047B /* CopyFiles */ = {
			isa = PBXCopyFilesBuildPhase;
			buildActionMask = 2147483647;
			dstPath = "";
			dstSubfolderSpec = 7;
			files = (
			);
			runOnlyForDeploymentPostprocessing = 0;
		};
		D688F0A223FAF4090069047B /* Embed Frameworks */ = {
			isa = PBXCopyFilesBuildPhase;
			buildActionMask = 12;
			dstPath = "";
			dstSubfolderSpec = 10;
			files = (
			);
			name = "Embed Frameworks";
			runOnlyForDeploymentPostprocessing = 0;
		};
/* End PBXCopyFilesBuildPhase section */

/* Begin PBXFileReference section */
		D688F07523F759700069047B /* BasicPulsetvOSPlayer.app */ = {isa = PBXFileReference; explicitFileType = wrapper.application; includeInIndex = 0; path = BasicPulsetvOSPlayer.app; sourceTree = BUILT_PRODUCTS_DIR; };
		D688F07823F759700069047B /* AppDelegate.h */ = {isa = PBXFileReference; lastKnownFileType = sourcecode.c.h; path = AppDelegate.h; sourceTree = "<group>"; };
		D688F07923F759700069047B /* AppDelegate.m */ = {isa = PBXFileReference; lastKnownFileType = sourcecode.c.objc; path = AppDelegate.m; sourceTree = "<group>"; };
		D688F07B23F759700069047B /* ViewController.h */ = {isa = PBXFileReference; lastKnownFileType = sourcecode.c.h; path = ViewController.h; sourceTree = "<group>"; };
		D688F07C23F759700069047B /* ViewController.m */ = {isa = PBXFileReference; lastKnownFileType = sourcecode.c.objc; path = ViewController.m; sourceTree = "<group>"; };
		D688F07F23F759700069047B /* Base */ = {isa = PBXFileReference; lastKnownFileType = file.storyboard; name = Base; path = Base.lproj/Main.storyboard; sourceTree = "<group>"; };
		D688F08123F759730069047B /* Assets.xcassets */ = {isa = PBXFileReference; lastKnownFileType = folder.assetcatalog; path = Assets.xcassets; sourceTree = "<group>"; };
		D688F08423F759730069047B /* Base */ = {isa = PBXFileReference; lastKnownFileType = file.storyboard; name = Base; path = Base.lproj/LaunchScreen.storyboard; sourceTree = "<group>"; };
		D688F08623F759730069047B /* Info.plist */ = {isa = PBXFileReference; lastKnownFileType = text.plist.xml; path = Info.plist; sourceTree = "<group>"; };
		D688F08723F759730069047B /* main.m */ = {isa = PBXFileReference; lastKnownFileType = sourcecode.c.objc; path = main.m; sourceTree = "<group>"; };
		D688F08E23F759E20069047B /* Library.json */ = {isa = PBXFileReference; lastKnownFileType = text.json; path = Library.json; sourceTree = "<group>"; };
		D688F14923FC4D710069047B /* BCOVPulseVideoItem.h */ = {isa = PBXFileReference; lastKnownFileType = sourcecode.c.h; path = BCOVPulseVideoItem.h; sourceTree = "<group>"; };
		D688F14A23FC4D710069047B /* BCOVPulseVideoItem.m */ = {isa = PBXFileReference; lastKnownFileType = sourcecode.c.objc; path = BCOVPulseVideoItem.m; sourceTree = "<group>"; };
		D688F14C23FC4DC10069047B /* ListViewController.h */ = {isa = PBXFileReference; lastKnownFileType = sourcecode.c.h; path = ListViewController.h; sourceTree = "<group>"; };
		D688F14D23FC4DC10069047B /* ListViewController.m */ = {isa = PBXFileReference; lastKnownFileType = sourcecode.c.objc; path = ListViewController.m; sourceTree = "<group>"; };
/* End PBXFileReference section */

/* Begin PBXFrameworksBuildPhase section */
		D688F07223F759700069047B /* Frameworks */ = {
			isa = PBXFrameworksBuildPhase;
			buildActionMask = 2147483647;
			files = (
			);
			runOnlyForDeploymentPostprocessing = 0;
		};
/* End PBXFrameworksBuildPhase section */

/* Begin PBXGroup section */
		D2633176D4DE885BEA2800C4 /* Frameworks */ = {
			isa = PBXGroup;
			children = (
			);
			name = Frameworks;
			sourceTree = "<group>";
		};
		D688F06C23F759700069047B = {
			isa = PBXGroup;
			children = (
				D688F07723F759700069047B /* BasicPulsetvOSPlayer */,
				D688F07623F759700069047B /* Products */,
				D2633176D4DE885BEA2800C4 /* Frameworks */,
			);
			sourceTree = "<group>";
		};
		D688F07623F759700069047B /* Products */ = {
			isa = PBXGroup;
			children = (
				D688F07523F759700069047B /* BasicPulsetvOSPlayer.app */,
			);
			name = Products;
			sourceTree = "<group>";
		};
		D688F07723F759700069047B /* BasicPulsetvOSPlayer */ = {
			isa = PBXGroup;
			children = (
				D688F07823F759700069047B /* AppDelegate.h */,
				D688F07923F759700069047B /* AppDelegate.m */,
				D688F08123F759730069047B /* Assets.xcassets */,
				D688F14923FC4D710069047B /* BCOVPulseVideoItem.h */,
				D688F14A23FC4D710069047B /* BCOVPulseVideoItem.m */,
				D688F08623F759730069047B /* Info.plist */,
				D688F08323F759730069047B /* LaunchScreen.storyboard */,
				D688F08E23F759E20069047B /* Library.json */,
				D688F14C23FC4DC10069047B /* ListViewController.h */,
				D688F14D23FC4DC10069047B /* ListViewController.m */,
				D688F08723F759730069047B /* main.m */,
				D688F07E23F759700069047B /* Main.storyboard */,
				D688F07B23F759700069047B /* ViewController.h */,
				D688F07C23F759700069047B /* ViewController.m */,
			);
			path = BasicPulsetvOSPlayer;
			sourceTree = "<group>";
		};
/* End PBXGroup section */

/* Begin PBXNativeTarget section */
		D688F07423F759700069047B /* BasicPulsetvOSPlayer */ = {
			isa = PBXNativeTarget;
			buildConfigurationList = D688F08B23F759730069047B /* Build configuration list for PBXNativeTarget "BasicPulsetvOSPlayer" */;
			buildPhases = (
				D688F07123F759700069047B /* Sources */,
				D688F07223F759700069047B /* Frameworks */,
				D688F07323F759700069047B /* Resources */,
				D688F09023F75D4E0069047B /* CopyFiles */,
				D688F0A223FAF4090069047B /* Embed Frameworks */,
			);
			buildRules = (
			);
			dependencies = (
			);
			name = BasicPulsetvOSPlayer;
			productName = BasicPulsetvOSPlayer;
			productReference = D688F07523F759700069047B /* BasicPulsetvOSPlayer.app */;
			productType = "com.apple.product-type.application";
		};
/* End PBXNativeTarget section */

/* Begin PBXProject section */
		D688F06D23F759700069047B /* Project object */ = {
			isa = PBXProject;
			attributes = {
				LastUpgradeCheck = 1200;
				ORGANIZATIONNAME = "Carlos Ceja";
				TargetAttributes = {
					D688F07423F759700069047B = {
						CreatedOnToolsVersion = 11.3.1;
					};
				};
			};
			buildConfigurationList = D688F07023F759700069047B /* Build configuration list for PBXProject "BasicPulsetvOSPlayer" */;
			compatibilityVersion = "Xcode 9.3";
			developmentRegion = en;
			hasScannedForEncodings = 0;
			knownRegions = (
				en,
				Base,
			);
			mainGroup = D688F06C23F759700069047B;
			productRefGroup = D688F07623F759700069047B /* Products */;
			projectDirPath = "";
			projectRoot = "";
			targets = (
				D688F07423F759700069047B /* BasicPulsetvOSPlayer */,
			);
		};
/* End PBXProject section */

/* Begin PBXResourcesBuildPhase section */
		D688F07323F759700069047B /* Resources */ = {
			isa = PBXResourcesBuildPhase;
			buildActionMask = 2147483647;
			files = (
				D688F08523F759730069047B /* LaunchScreen.storyboard in Resources */,
				D688F08F23F759E20069047B /* Library.json in Resources */,
				D688F08223F759730069047B /* Assets.xcassets in Resources */,
				D688F08023F759700069047B /* Main.storyboard in Resources */,
			);
			runOnlyForDeploymentPostprocessing = 0;
		};
/* End PBXResourcesBuildPhase section */

/* Begin PBXSourcesBuildPhase section */
		D688F07123F759700069047B /* Sources */ = {
			isa = PBXSourcesBuildPhase;
			buildActionMask = 2147483647;
			files = (
				D688F14E23FC4DC10069047B /* ListViewController.m in Sources */,
				D688F14B23FC4D710069047B /* BCOVPulseVideoItem.m in Sources */,
				D688F07D23F759700069047B /* ViewController.m in Sources */,
				D688F08823F759730069047B /* main.m in Sources */,
				D688F07A23F759700069047B /* AppDelegate.m in Sources */,
			);
			runOnlyForDeploymentPostprocessing = 0;
		};
/* End PBXSourcesBuildPhase section */

/* Begin PBXVariantGroup section */
		D688F07E23F759700069047B /* Main.storyboard */ = {
			isa = PBXVariantGroup;
			children = (
				D688F07F23F759700069047B /* Base */,
			);
			name = Main.storyboard;
			sourceTree = "<group>";
		};
		D688F08323F759730069047B /* LaunchScreen.storyboard */ = {
			isa = PBXVariantGroup;
			children = (
				D688F08423F759730069047B /* Base */,
			);
			name = LaunchScreen.storyboard;
			sourceTree = "<group>";
		};
/* End PBXVariantGroup section */

/* Begin XCBuildConfiguration section */
		D688F08923F759730069047B /* Debug */ = {
			isa = XCBuildConfiguration;
			buildSettings = {
				ALWAYS_SEARCH_USER_PATHS = NO;
				CLANG_ANALYZER_NONNULL = YES;
				CLANG_ANALYZER_NUMBER_OBJECT_CONVERSION = YES_AGGRESSIVE;
				CLANG_CXX_LANGUAGE_STANDARD = "gnu++14";
				CLANG_CXX_LIBRARY = "libc++";
				CLANG_ENABLE_MODULES = YES;
				CLANG_ENABLE_OBJC_ARC = YES;
				CLANG_ENABLE_OBJC_WEAK = YES;
				CLANG_WARN_BLOCK_CAPTURE_AUTORELEASING = YES;
				CLANG_WARN_BOOL_CONVERSION = YES;
				CLANG_WARN_COMMA = YES;
				CLANG_WARN_CONSTANT_CONVERSION = YES;
				CLANG_WARN_DEPRECATED_OBJC_IMPLEMENTATIONS = YES;
				CLANG_WARN_DIRECT_OBJC_ISA_USAGE = YES_ERROR;
				CLANG_WARN_DOCUMENTATION_COMMENTS = YES;
				CLANG_WARN_EMPTY_BODY = YES;
				CLANG_WARN_ENUM_CONVERSION = YES;
				CLANG_WARN_INFINITE_RECURSION = YES;
				CLANG_WARN_INT_CONVERSION = YES;
				CLANG_WARN_NON_LITERAL_NULL_CONVERSION = YES;
				CLANG_WARN_OBJC_IMPLICIT_RETAIN_SELF = YES;
				CLANG_WARN_OBJC_LITERAL_CONVERSION = YES;
				CLANG_WARN_OBJC_ROOT_CLASS = YES_ERROR;
				CLANG_WARN_QUOTED_INCLUDE_IN_FRAMEWORK_HEADER = YES;
				CLANG_WARN_RANGE_LOOP_ANALYSIS = YES;
				CLANG_WARN_STRICT_PROTOTYPES = YES;
				CLANG_WARN_SUSPICIOUS_MOVE = YES;
				CLANG_WARN_UNGUARDED_AVAILABILITY = YES_AGGRESSIVE;
				CLANG_WARN_UNREACHABLE_CODE = YES;
				CLANG_WARN__DUPLICATE_METHOD_MATCH = YES;
				COPY_PHASE_STRIP = NO;
				DEBUG_INFORMATION_FORMAT = dwarf;
				ENABLE_STRICT_OBJC_MSGSEND = YES;
				ENABLE_TESTABILITY = YES;
				GCC_C_LANGUAGE_STANDARD = gnu11;
				GCC_DYNAMIC_NO_PIC = NO;
				GCC_NO_COMMON_BLOCKS = YES;
				GCC_OPTIMIZATION_LEVEL = 0;
				GCC_PREPROCESSOR_DEFINITIONS = (
					"DEBUG=1",
					"$(inherited)",
				);
				GCC_WARN_64_TO_32_BIT_CONVERSION = YES;
				GCC_WARN_ABOUT_RETURN_TYPE = YES_ERROR;
				GCC_WARN_UNDECLARED_SELECTOR = YES;
				GCC_WARN_UNINITIALIZED_AUTOS = YES_AGGRESSIVE;
				GCC_WARN_UNUSED_FUNCTION = YES;
				GCC_WARN_UNUSED_VARIABLE = YES;
				MTL_ENABLE_DEBUG_INFO = INCLUDE_SOURCE;
				MTL_FAST_MATH = YES;
				ONLY_ACTIVE_ARCH = YES;
				OTHER_LDFLAGS = "-ObjC";
				SDKROOT = appletvos;
				TVOS_DEPLOYMENT_TARGET = 13.2;
			};
			name = Debug;
		};
		D688F08A23F759730069047B /* Release */ = {
			isa = XCBuildConfiguration;
			buildSettings = {
				ALWAYS_SEARCH_USER_PATHS = NO;
				CLANG_ANALYZER_NONNULL = YES;
				CLANG_ANALYZER_NUMBER_OBJECT_CONVERSION = YES_AGGRESSIVE;
				CLANG_CXX_LANGUAGE_STANDARD = "gnu++14";
				CLANG_CXX_LIBRARY = "libc++";
				CLANG_ENABLE_MODULES = YES;
				CLANG_ENABLE_OBJC_ARC = YES;
				CLANG_ENABLE_OBJC_WEAK = YES;
				CLANG_WARN_BLOCK_CAPTURE_AUTORELEASING = YES;
				CLANG_WARN_BOOL_CONVERSION = YES;
				CLANG_WARN_COMMA = YES;
				CLANG_WARN_CONSTANT_CONVERSION = YES;
				CLANG_WARN_DEPRECATED_OBJC_IMPLEMENTATIONS = YES;
				CLANG_WARN_DIRECT_OBJC_ISA_USAGE = YES_ERROR;
				CLANG_WARN_DOCUMENTATION_COMMENTS = YES;
				CLANG_WARN_EMPTY_BODY = YES;
				CLANG_WARN_ENUM_CONVERSION = YES;
				CLANG_WARN_INFINITE_RECURSION = YES;
				CLANG_WARN_INT_CONVERSION = YES;
				CLANG_WARN_NON_LITERAL_NULL_CONVERSION = YES;
				CLANG_WARN_OBJC_IMPLICIT_RETAIN_SELF = YES;
				CLANG_WARN_OBJC_LITERAL_CONVERSION = YES;
				CLANG_WARN_OBJC_ROOT_CLASS = YES_ERROR;
				CLANG_WARN_QUOTED_INCLUDE_IN_FRAMEWORK_HEADER = YES;
				CLANG_WARN_RANGE_LOOP_ANALYSIS = YES;
				CLANG_WARN_STRICT_PROTOTYPES = YES;
				CLANG_WARN_SUSPICIOUS_MOVE = YES;
				CLANG_WARN_UNGUARDED_AVAILABILITY = YES_AGGRESSIVE;
				CLANG_WARN_UNREACHABLE_CODE = YES;
				CLANG_WARN__DUPLICATE_METHOD_MATCH = YES;
				COPY_PHASE_STRIP = NO;
				DEBUG_INFORMATION_FORMAT = "dwarf-with-dsym";
				ENABLE_NS_ASSERTIONS = NO;
				ENABLE_STRICT_OBJC_MSGSEND = YES;
				GCC_C_LANGUAGE_STANDARD = gnu11;
				GCC_NO_COMMON_BLOCKS = YES;
				GCC_WARN_64_TO_32_BIT_CONVERSION = YES;
				GCC_WARN_ABOUT_RETURN_TYPE = YES_ERROR;
				GCC_WARN_UNDECLARED_SELECTOR = YES;
				GCC_WARN_UNINITIALIZED_AUTOS = YES_AGGRESSIVE;
				GCC_WARN_UNUSED_FUNCTION = YES;
				GCC_WARN_UNUSED_VARIABLE = YES;
				MTL_ENABLE_DEBUG_INFO = NO;
				MTL_FAST_MATH = YES;
				OTHER_LDFLAGS = "-ObjC";
				SDKROOT = appletvos;
				TVOS_DEPLOYMENT_TARGET = 13.2;
				VALIDATE_PRODUCT = YES;
			};
			name = Release;
		};
		D688F08C23F759730069047B /* Debug */ = {
			isa = XCBuildConfiguration;
			buildSettings = {
				ASSETCATALOG_COMPILER_APPICON_NAME = "App Icon & Top Shelf Image";
				CODE_SIGN_STYLE = Manual;
				DEVELOPMENT_TEAM = "";
				FRAMEWORK_SEARCH_PATHS = "$(inherited)";
				INFOPLIST_FILE = BasicPulsetvOSPlayer/Info.plist;
				LD_RUNPATH_SEARCH_PATHS = (
					"$(inherited)",
					"@executable_path/Frameworks",
				);
				PRODUCT_BUNDLE_IDENTIFIER = com.companyname.BasicPulsetvOSPlayer;
				PRODUCT_NAME = "$(TARGET_NAME)";
				PROVISIONING_PROFILE_SPECIFIER = "";
				TARGETED_DEVICE_FAMILY = 3;
				TVOS_DEPLOYMENT_TARGET = 11.0;
			};
			name = Debug;
		};
		D688F08D23F759730069047B /* Release */ = {
			isa = XCBuildConfiguration;
			buildSettings = {
				ASSETCATALOG_COMPILER_APPICON_NAME = "App Icon & Top Shelf Image";
				CODE_SIGN_STYLE = Manual;
				DEVELOPMENT_TEAM = "";
				FRAMEWORK_SEARCH_PATHS = "$(inherited)";
				INFOPLIST_FILE = BasicPulsetvOSPlayer/Info.plist;
				LD_RUNPATH_SEARCH_PATHS = (
					"$(inherited)",
					"@executable_path/Frameworks",
				);
				PRODUCT_BUNDLE_IDENTIFIER = com.companyname.BasicPulsetvOSPlayer;
				PRODUCT_NAME = "$(TARGET_NAME)";
				PROVISIONING_PROFILE_SPECIFIER = "";
				TARGETED_DEVICE_FAMILY = 3;
				TVOS_DEPLOYMENT_TARGET = 11.0;
			};
			name = Release;
		};
/* End XCBuildConfiguration section */

/* Begin XCConfigurationList section */
		D688F07023F759700069047B /* Build configuration list for PBXProject "BasicPulsetvOSPlayer" */ = {
			isa = XCConfigurationList;
			buildConfigurations = (
				D688F08923F759730069047B /* Debug */,
				D688F08A23F759730069047B /* Release */,
			);
			defaultConfigurationIsVisible = 0;
			defaultConfigurationName = Release;
		};
		D688F08B23F759730069047B /* Build configuration list for PBXNativeTarget "BasicPulsetvOSPlayer" */ = {
			isa = XCConfigurationList;
			buildConfigurations = (
				D688F08C23F759730069047B /* Debug */,
				D688F08D23F759730069047B /* Release */,
			);
			defaultConfigurationIsVisible = 0;
			defaultConfigurationName = Release;
		};
/* End XCConfigurationList section */
	};
	rootObject = D688F06D23F759700069047B /* Project object */;
}
