PODS:
  - Brightcove-Player-SDK (4.4.1)
  - Brightcove-Player-SDK-FW (1.0.4):
    - Brightcove-Player-SDK (~> 4.4)

DEPENDENCIES:
  - Brightcove-Player-SDK
  - Brightcove-Player-SDK-FW

SPEC CHECKSUMS:
  Brightcove-Player-SDK: 8ed4f3795381b86c2b8f568cd33bee9b6364a238
  Brightcove-Player-SDK-FW: 35a37b309d7ed8bc533752b0fb32772763222797

COCOAPODS: 0.38.2
