PODS:
  - Brightcove-Player-SDK (4.2.2)
  - Brightcove-Player-SDK-IMA (1.2.0):
    - Brightcove-Player-SDK (~> 4.2)
    - Brightcove-Player-SDK-IMA/Default (= 1.2.0)
  - Brightcove-Player-SDK-IMA/Core (1.2.0):
    - Brightcove-Player-SDK (~> 4.2)
  - Brightcove-Player-SDK-IMA/Default (1.2.0):
    - Brightcove-Player-SDK (~> 4.2)
    - Brightcove-Player-SDK-IMA/Core
    - GoogleAds-IMA-iOS-SDK (= 3.0.beta.10)
  - GoogleAds-IMA-iOS-SDK (3.0.beta.10)

DEPENDENCIES:
  - Brightcove-Player-SDK-IMA

SPEC CHECKSUMS:
  Brightcove-Player-SDK: 988d1741dcba78d7cec7db373a913f7b695e7486
  Brightcove-Player-SDK-IMA: 71da41bb2f75fb78630ccf29d389ec04187a4130
  GoogleAds-IMA-iOS-SDK: 4c7b655b2296f78e8157e284dacf493e3a67de84

COCOAPODS: 0.35.0
