PODS:
  - Brightcove-Player-SDK (4.4.0)
  - Brightcove-Player-SDK-IMA (1.4.0):
    - Brightcove-Player-SDK (~> 4.4)
    - Brightcove-Player-SDK-IMA/Default (= 1.4.0)
  - Brightcove-Player-SDK-IMA/Core (1.4.0):
    - Brightcove-Player-SDK (~> 4.4)
  - Brightcove-Player-SDK-IMA/Default (1.4.0):
    - Brightcove-Player-SDK (~> 4.4)
    - Brightcove-Player-SDK-IMA/Core
    - GoogleAds-IMA-iOS-SDK (= 3.0.beta.12)
  - GoogleAds-IMA-iOS-SDK (3.0.beta.12)

DEPENDENCIES:
  - Brightcove-Player-SDK-IMA

SPEC CHECKSUMS:
  Brightcove-Player-SDK: 5d499057cdd262215d7ccdbba9f54349e4611ae5
  Brightcove-Player-SDK-IMA: 48bdd8a6195c687d29e16a2d676a800b6f6de096
  GoogleAds-IMA-iOS-SDK: ce1c9191e3859466391de21c3e17d22ecbf77ecb

COCOAPODS: 0.38.2
