// !$*UTF8*$!
{
	archiveVersion = 1;
	classes = {
	};
	objectVersion = 51;
	objects = {

/* Begin PBXBuildFile section */
		E9A041D724857F0C009DEBFC /* AppDelegate.m in Sources */ = {isa = PBXBuildFile; fileRef = E9A041D624857F0C009DEBFC /* AppDelegate.m */; };
		E9A041DA24857F0C009DEBFC /* ViewController.m in Sources */ = {isa = PBXBuildFile; fileRef = E9A041D924857F0C009DEBFC /* ViewController.m */; };
		E9A041DD24857F0C009DEBFC /* Main.storyboard in Resources */ = {isa = PBXBuildFile; fileRef = E9A041DB24857F0C009DEBFC /* Main.storyboard */; };
		E9A041DF24857F0E009DEBFC /* Assets.xcassets in Resources */ = {isa = PBXBuildFile; fileRef = E9A041DE24857F0E009DEBFC /* Assets.xcassets */; };
		E9A041E224857F0E009DEBFC /* LaunchScreen.storyboard in Resources */ = {isa = PBXBuildFile; fileRef = E9A041E024857F0E009DEBFC /* LaunchScreen.storyboard */; };
		E9A041E524857F0E009DEBFC /* main.m in Sources */ = {isa = PBXBuildFile; fileRef = E9A041E424857F0E009DEBFC /* main.m */; };
/* End PBXBuildFile section */

/* Begin PBXFileReference section */
		E9A041D224857F0C009DEBFC /* NativeControlsIMAPlayer_tvOS.app */ = {isa = PBXFileReference; explicitFileType = wrapper.application; includeInIndex = 0; path = NativeControlsIMAPlayer_tvOS.app; sourceTree = BUILT_PRODUCTS_DIR; };
		E9A041D524857F0C009DEBFC /* AppDelegate.h */ = {isa = PBXFileReference; lastKnownFileType = sourcecode.c.h; path = AppDelegate.h; sourceTree = "<group>"; };
		E9A041D624857F0C009DEBFC /* AppDelegate.m */ = {isa = PBXFileReference; lastKnownFileType = sourcecode.c.objc; path = AppDelegate.m; sourceTree = "<group>"; };
		E9A041D824857F0C009DEBFC /* ViewController.h */ = {isa = PBXFileReference; lastKnownFileType = sourcecode.c.h; path = ViewController.h; sourceTree = "<group>"; };
		E9A041D924857F0C009DEBFC /* ViewController.m */ = {isa = PBXFileReference; lastKnownFileType = sourcecode.c.objc; path = ViewController.m; sourceTree = "<group>"; };
		E9A041DC24857F0C009DEBFC /* Base */ = {isa = PBXFileReference; lastKnownFileType = file.storyboard; name = Base; path = Base.lproj/Main.storyboard; sourceTree = "<group>"; };
		E9A041DE24857F0E009DEBFC /* Assets.xcassets */ = {isa = PBXFileReference; lastKnownFileType = folder.assetcatalog; path = Assets.xcassets; sourceTree = "<group>"; };
		E9A041E124857F0E009DEBFC /* Base */ = {isa = PBXFileReference; lastKnownFileType = file.storyboard; name = Base; path = Base.lproj/LaunchScreen.storyboard; sourceTree = "<group>"; };
		E9A041E324857F0E009DEBFC /* Info.plist */ = {isa = PBXFileReference; lastKnownFileType = text.plist.xml; path = Info.plist; sourceTree = "<group>"; };
		E9A041E424857F0E009DEBFC /* main.m */ = {isa = PBXFileReference; lastKnownFileType = sourcecode.c.objc; path = main.m; sourceTree = "<group>"; };
/* End PBXFileReference section */

/* Begin PBXFrameworksBuildPhase section */
		E9A041CF24857F0C009DEBFC /* Frameworks */ = {
			isa = PBXFrameworksBuildPhase;
			buildActionMask = 2147483647;
			files = (
			);
			runOnlyForDeploymentPostprocessing = 0;
		};
/* End PBXFrameworksBuildPhase section */

/* Begin PBXGroup section */
		E9A041C924857F0C009DEBFC = {
			isa = PBXGroup;
			children = (
				E9A041D424857F0C009DEBFC /* NativeControlsIMAPlayer_tvOS */,
				E9A041D324857F0C009DEBFC /* Products */,
			);
			sourceTree = "<group>";
		};
		E9A041D324857F0C009DEBFC /* Products */ = {
			isa = PBXGroup;
			children = (
				E9A041D224857F0C009DEBFC /* NativeControlsIMAPlayer_tvOS.app */,
			);
			name = Products;
			sourceTree = "<group>";
		};
		E9A041D424857F0C009DEBFC /* NativeControlsIMAPlayer_tvOS */ = {
			isa = PBXGroup;
			children = (
				E9A041D524857F0C009DEBFC /* AppDelegate.h */,
				E9A041D624857F0C009DEBFC /* AppDelegate.m */,
				E9A041D824857F0C009DEBFC /* ViewController.h */,
				E9A041D924857F0C009DEBFC /* ViewController.m */,
				E9A041DB24857F0C009DEBFC /* Main.storyboard */,
				E9A041DE24857F0E009DEBFC /* Assets.xcassets */,
				E9A041E024857F0E009DEBFC /* LaunchScreen.storyboard */,
				E9A041E324857F0E009DEBFC /* Info.plist */,
				E9A041E424857F0E009DEBFC /* main.m */,
			);
			path = NativeControlsIMAPlayer_tvOS;
			sourceTree = "<group>";
		};
/* End PBXGroup section */

/* Begin PBXNativeTarget section */
		E9A041D124857F0C009DEBFC /* NativeControlsIMAPlayer_tvOS */ = {
			isa = PBXNativeTarget;
			buildConfigurationList = E9A041E824857F0E009DEBFC /* Build configuration list for PBXNativeTarget "NativeControlsIMAPlayer_tvOS" */;
			buildPhases = (
				E9A041CE24857F0C009DEBFC /* Sources */,
				E9A041CF24857F0C009DEBFC /* Frameworks */,
				E9A041D024857F0C009DEBFC /* Resources */,
			);
			buildRules = (
			);
			dependencies = (
			);
			name = NativeControlsIMAPlayer_tvOS;
			productName = NativeControlsIMAPlayer_tvOS;
			productReference = E9A041D224857F0C009DEBFC /* NativeControlsIMAPlayer_tvOS.app */;
			productType = "com.apple.product-type.application";
		};
/* End PBXNativeTarget section */

/* Begin PBXProject section */
		E9A041CA24857F0C009DEBFC /* Project object */ = {
			isa = PBXProject;
			attributes = {
				LastUpgradeCheck = 1200;
				ORGANIZATIONNAME = "Brightcove, Inc";
				TargetAttributes = {
					E9A041D124857F0C009DEBFC = {
						CreatedOnToolsVersion = 11.4.1;
					};
				};
			};
			buildConfigurationList = E9A041CD24857F0C009DEBFC /* Build configuration list for PBXProject "NativeControlsIMAPlayer_tvOS" */;
			compatibilityVersion = "Xcode 9.3";
			developmentRegion = en;
			hasScannedForEncodings = 0;
			knownRegions = (
				en,
				Base,
			);
			mainGroup = E9A041C924857F0C009DEBFC;
			productRefGroup = E9A041D324857F0C009DEBFC /* Products */;
			projectDirPath = "";
			projectRoot = "";
			targets = (
				E9A041D124857F0C009DEBFC /* NativeControlsIMAPlayer_tvOS */,
			);
		};
/* End PBXProject section */

/* Begin PBXResourcesBuildPhase section */
		E9A041D024857F0C009DEBFC /* Resources */ = {
			isa = PBXResourcesBuildPhase;
			buildActionMask = 2147483647;
			files = (
				E9A041E224857F0E009DEBFC /* LaunchScreen.storyboard in Resources */,
				E9A041DF24857F0E009DEBFC /* Assets.xcassets in Resources */,
				E9A041DD24857F0C009DEBFC /* Main.storyboard in Resources */,
			);
			runOnlyForDeploymentPostprocessing = 0;
		};
/* End PBXResourcesBuildPhase section */

/* Begin PBXSourcesBuildPhase section */
		E9A041CE24857F0C009DEBFC /* Sources */ = {
			isa = PBXSourcesBuildPhase;
			buildActionMask = 2147483647;
			files = (
				E9A041DA24857F0C009DEBFC /* ViewController.m in Sources */,
				E9A041E524857F0E009DEBFC /* main.m in Sources */,
				E9A041D724857F0C009DEBFC /* AppDelegate.m in Sources */,
			);
			runOnlyForDeploymentPostprocessing = 0;
		};
/* End PBXSourcesBuildPhase section */

/* Begin PBXVariantGroup section */
		E9A041DB24857F0C009DEBFC /* Main.storyboard */ = {
			isa = PBXVariantGroup;
			children = (
				E9A041DC24857F0C009DEBFC /* Base */,
			);
			name = Main.storyboard;
			sourceTree = "<group>";
		};
		E9A041E024857F0E009DEBFC /* LaunchScreen.storyboard */ = {
			isa = PBXVariantGroup;
			children = (
				E9A041E124857F0E009DEBFC /* Base */,
			);
			name = LaunchScreen.storyboard;
			sourceTree = "<group>";
		};
/* End PBXVariantGroup section */

/* Begin XCBuildConfiguration section */
		E9A041E624857F0E009DEBFC /* Debug */ = {
			isa = XCBuildConfiguration;
			buildSettings = {
				ALWAYS_SEARCH_USER_PATHS = NO;
				CLANG_ANALYZER_NONNULL = YES;
				CLANG_ANALYZER_NUMBER_OBJECT_CONVERSION = YES_AGGRESSIVE;
				CLANG_CXX_LANGUAGE_STANDARD = "gnu++14";
				CLANG_CXX_LIBRARY = "libc++";
				CLANG_ENABLE_MODULES = YES;
				CLANG_ENABLE_OBJC_ARC = YES;
				CLANG_ENABLE_OBJC_WEAK = YES;
				CLANG_WARN_BLOCK_CAPTURE_AUTORELEASING = YES;
				CLANG_WARN_BOOL_CONVERSION = YES;
				CLANG_WARN_COMMA = YES;
				CLANG_WARN_CONSTANT_CONVERSION = YES;
				CLANG_WARN_DEPRECATED_OBJC_IMPLEMENTATIONS = YES;
				CLANG_WARN_DIRECT_OBJC_ISA_USAGE = YES_ERROR;
				CLANG_WARN_DOCUMENTATION_COMMENTS = YES;
				CLANG_WARN_EMPTY_BODY = YES;
				CLANG_WARN_ENUM_CONVERSION = YES;
				CLANG_WARN_INFINITE_RECURSION = YES;
				CLANG_WARN_INT_CONVERSION = YES;
				CLANG_WARN_NON_LITERAL_NULL_CONVERSION = YES;
				CLANG_WARN_OBJC_IMPLICIT_RETAIN_SELF = YES;
				CLANG_WARN_OBJC_LITERAL_CONVERSION = YES;
				CLANG_WARN_OBJC_ROOT_CLASS = YES_ERROR;
				CLANG_WARN_QUOTED_INCLUDE_IN_FRAMEWORK_HEADER = YES;
				CLANG_WARN_RANGE_LOOP_ANALYSIS = YES;
				CLANG_WARN_STRICT_PROTOTYPES = YES;
				CLANG_WARN_SUSPICIOUS_MOVE = YES;
				CLANG_WARN_UNGUARDED_AVAILABILITY = YES_AGGRESSIVE;
				CLANG_WARN_UNREACHABLE_CODE = YES;
				CLANG_WARN__DUPLICATE_METHOD_MATCH = YES;
				COPY_PHASE_STRIP = NO;
				DEBUG_INFORMATION_FORMAT = dwarf;
				ENABLE_STRICT_OBJC_MSGSEND = YES;
				ENABLE_TESTABILITY = YES;
				GCC_C_LANGUAGE_STANDARD = gnu11;
				GCC_DYNAMIC_NO_PIC = NO;
				GCC_NO_COMMON_BLOCKS = YES;
				GCC_OPTIMIZATION_LEVEL = 0;
				GCC_PREPROCESSOR_DEFINITIONS = (
					"DEBUG=1",
					"$(inherited)",
				);
				GCC_WARN_64_TO_32_BIT_CONVERSION = YES;
				GCC_WARN_ABOUT_RETURN_TYPE = YES_ERROR;
				GCC_WARN_UNDECLARED_SELECTOR = YES;
				GCC_WARN_UNINITIALIZED_AUTOS = YES_AGGRESSIVE;
				GCC_WARN_UNUSED_FUNCTION = YES;
				GCC_WARN_UNUSED_VARIABLE = YES;
				MTL_ENABLE_DEBUG_INFO = INCLUDE_SOURCE;
				MTL_FAST_MATH = YES;
				ONLY_ACTIVE_ARCH = YES;
				SDKROOT = appletvos;
				TVOS_DEPLOYMENT_TARGET = 13.4;
				VALIDATE_WORKSPACE = YES;
			};
			name = Debug;
		};
		E9A041E724857F0E009DEBFC /* Release */ = {
			isa = XCBuildConfiguration;
			buildSettings = {
				ALWAYS_SEARCH_USER_PATHS = NO;
				CLANG_ANALYZER_NONNULL = YES;
				CLANG_ANALYZER_NUMBER_OBJECT_CONVERSION = YES_AGGRESSIVE;
				CLANG_CXX_LANGUAGE_STANDARD = "gnu++14";
				CLANG_CXX_LIBRARY = "libc++";
				CLANG_ENABLE_MODULES = YES;
				CLANG_ENABLE_OBJC_ARC = YES;
				CLANG_ENABLE_OBJC_WEAK = YES;
				CLANG_WARN_BLOCK_CAPTURE_AUTORELEASING = YES;
				CLANG_WARN_BOOL_CONVERSION = YES;
				CLANG_WARN_COMMA = YES;
				CLANG_WARN_CONSTANT_CONVERSION = YES;
				CLANG_WARN_DEPRECATED_OBJC_IMPLEMENTATIONS = YES;
				CLANG_WARN_DIRECT_OBJC_ISA_USAGE = YES_ERROR;
				CLANG_WARN_DOCUMENTATION_COMMENTS = YES;
				CLANG_WARN_EMPTY_BODY = YES;
				CLANG_WARN_ENUM_CONVERSION = YES;
				CLANG_WARN_INFINITE_RECURSION = YES;
				CLANG_WARN_INT_CONVERSION = YES;
				CLANG_WARN_NON_LITERAL_NULL_CONVERSION = YES;
				CLANG_WARN_OBJC_IMPLICIT_RETAIN_SELF = YES;
				CLANG_WARN_OBJC_LITERAL_CONVERSION = YES;
				CLANG_WARN_OBJC_ROOT_CLASS = YES_ERROR;
				CLANG_WARN_QUOTED_INCLUDE_IN_FRAMEWORK_HEADER = YES;
				CLANG_WARN_RANGE_LOOP_ANALYSIS = YES;
				CLANG_WARN_STRICT_PROTOTYPES = YES;
				CLANG_WARN_SUSPICIOUS_MOVE = YES;
				CLANG_WARN_UNGUARDED_AVAILABILITY = YES_AGGRESSIVE;
				CLANG_WARN_UNREACHABLE_CODE = YES;
				CLANG_WARN__DUPLICATE_METHOD_MATCH = YES;
				COPY_PHASE_STRIP = NO;
				DEBUG_INFORMATION_FORMAT = "dwarf-with-dsym";
				ENABLE_NS_ASSERTIONS = NO;
				ENABLE_STRICT_OBJC_MSGSEND = YES;
				GCC_C_LANGUAGE_STANDARD = gnu11;
				GCC_NO_COMMON_BLOCKS = YES;
				GCC_WARN_64_TO_32_BIT_CONVERSION = YES;
				GCC_WARN_ABOUT_RETURN_TYPE = YES_ERROR;
				GCC_WARN_UNDECLARED_SELECTOR = YES;
				GCC_WARN_UNINITIALIZED_AUTOS = YES_AGGRESSIVE;
				GCC_WARN_UNUSED_FUNCTION = YES;
				GCC_WARN_UNUSED_VARIABLE = YES;
				MTL_ENABLE_DEBUG_INFO = NO;
				MTL_FAST_MATH = YES;
				SDKROOT = appletvos;
				TVOS_DEPLOYMENT_TARGET = 13.4;
				VALIDATE_PRODUCT = YES;
				VALIDATE_WORKSPACE = YES;
			};
			name = Release;
		};
		E9A041E924857F0E009DEBFC /* Debug */ = {
			isa = XCBuildConfiguration;
			buildSettings = {
				ASSETCATALOG_COMPILER_APPICON_NAME = "App Icon & Top Shelf Image";
				CODE_SIGN_STYLE = Automatic;
				DEVELOPMENT_TEAM = "";
				INFOPLIST_FILE = NativeControlsIMAPlayer_tvOS/Info.plist;
				LD_RUNPATH_SEARCH_PATHS = (
					"$(inherited)",
					"@executable_path/Frameworks",
				);
				PRODUCT_BUNDLE_IDENTIFIER = "com.companyname.NativeControls-tvOS";
				PRODUCT_NAME = "$(TARGET_NAME)";
				TARGETED_DEVICE_FAMILY = 3;
				TVOS_DEPLOYMENT_TARGET = 11.0;
			};
			name = Debug;
		};
		E9A041EA24857F0E009DEBFC /* Release */ = {
			isa = XCBuildConfiguration;
			buildSettings = {
				ASSETCATALOG_COMPILER_APPICON_NAME = "App Icon & Top Shelf Image";
				CODE_SIGN_STYLE = Automatic;
				DEVELOPMENT_TEAM = "";
				INFOPLIST_FILE = NativeControlsIMAPlayer_tvOS/Info.plist;
				LD_RUNPATH_SEARCH_PATHS = (
					"$(inherited)",
					"@executable_path/Frameworks",
				);
				PRODUCT_BUNDLE_IDENTIFIER = "com.companyname.NativeControls-tvOS";
				PRODUCT_NAME = "$(TARGET_NAME)";
				TARGETED_DEVICE_FAMILY = 3;
				TVOS_DEPLOYMENT_TARGET = 11.0;
			};
			name = Release;
		};
/* End XCBuildConfiguration section */

/* Begin XCConfigurationList section */
		E9A041CD24857F0C009DEBFC /* Build configuration list for PBXProject "NativeControlsIMAPlayer_tvOS" */ = {
			isa = XCConfigurationList;
			buildConfigurations = (
				E9A041E624857F0E009DEBFC /* Debug */,
				E9A041E724857F0E009DEBFC /* Release */,
			);
			defaultConfigurationIsVisible = 0;
			defaultConfigurationName = Release;
		};
		E9A041E824857F0E009DEBFC /* Build configuration list for PBXNativeTarget "NativeControlsIMAPlayer_tvOS" */ = {
			isa = XCConfigurationList;
			buildConfigurations = (
				E9A041E924857F0E009DEBFC /* Debug */,
				E9A041EA24857F0E009DEBFC /* Release */,
			);
			defaultConfigurationIsVisible = 0;
			defaultConfigurationName = Release;
		};
/* End XCConfigurationList section */
	};
	rootObject = E9A041CA24857F0C009DEBFC /* Project object */;
}
