// !$*UTF8*$!
{
	archiveVersion = 1;
	classes = {
	};
	objectVersion = 46;
	objects = {

/* Begin PBXBuildFile section */
		989F28C51AA50335000DAB8B /* main.m in Sources */ = {isa = PBXBuildFile; fileRef = 989F28C41AA50335000DAB8B /* main.m */; };
		989F28C81AA50335000DAB8B /* AppDelegate.m in Sources */ = {isa = PBXBuildFile; fileRef = 989F28C71AA50335000DAB8B /* AppDelegate.m */; };
		989F28CB1AA50335000DAB8B /* ViewController.m in Sources */ = {isa = PBXBuildFile; fileRef = 989F28CA1AA50335000DAB8B /* ViewController.m */; };
		989F28CE1AA50335000DAB8B /* Main.storyboard in Resources */ = {isa = PBXBuildFile; fileRef = 989F28CC1AA50335000DAB8B /* Main.storyboard */; };
		989F28D01AA50335000DAB8B /* Images.xcassets in Resources */ = {isa = PBXBuildFile; fileRef = 989F28CF1AA50335000DAB8B /* Images.xcassets */; };
		989F28D31AA50335000DAB8B /* LaunchScreen.xib in Resources */ = {isa = PBXBuildFile; fileRef = 989F28D11AA50335000DAB8B /* LaunchScreen.xib */; };
		F7CBF6580F918FC6DE7EEC63 /* libPods.a in Frameworks */ = {isa = PBXBuildFile; fileRef = 690D573FFD94CE1A5A8D59D4 /* libPods.a */; };
/* End PBXBuildFile section */

/* Begin PBXFileReference section */
		690D573FFD94CE1A5A8D59D4 /* libPods.a */ = {isa = PBXFileReference; explicitFileType = archive.ar; includeInIndex = 0; path = libPods.a; sourceTree = BUILT_PRODUCTS_DIR; };
		6ABE3E428F126C192F462FA9 /* Pods.release.xcconfig */ = {isa = PBXFileReference; includeInIndex = 1; lastKnownFileType = text.xcconfig; name = Pods.release.xcconfig; path = "Pods/Target Support Files/Pods/Pods.release.xcconfig"; sourceTree = "<group>"; };
		8C8DA855232DCD35CD8DF924 /* Pods.debug.xcconfig */ = {isa = PBXFileReference; includeInIndex = 1; lastKnownFileType = text.xcconfig; name = Pods.debug.xcconfig; path = "Pods/Target Support Files/Pods/Pods.debug.xcconfig"; sourceTree = "<group>"; };
		989F28BF1AA50335000DAB8B /* DVRLive.app */ = {isa = PBXFileReference; explicitFileType = wrapper.application; includeInIndex = 0; path = DVRLive.app; sourceTree = BUILT_PRODUCTS_DIR; };
		989F28C31AA50335000DAB8B /* Info.plist */ = {isa = PBXFileReference; lastKnownFileType = text.plist.xml; path = Info.plist; sourceTree = "<group>"; };
		989F28C41AA50335000DAB8B /* main.m */ = {isa = PBXFileReference; lastKnownFileType = sourcecode.c.objc; path = main.m; sourceTree = "<group>"; };
		989F28C61AA50335000DAB8B /* AppDelegate.h */ = {isa = PBXFileReference; lastKnownFileType = sourcecode.c.h; path = AppDelegate.h; sourceTree = "<group>"; };
		989F28C71AA50335000DAB8B /* AppDelegate.m */ = {isa = PBXFileReference; lastKnownFileType = sourcecode.c.objc; path = AppDelegate.m; sourceTree = "<group>"; };
		989F28C91AA50335000DAB8B /* ViewController.h */ = {isa = PBXFileReference; lastKnownFileType = sourcecode.c.h; path = ViewController.h; sourceTree = "<group>"; };
		989F28CA1AA50335000DAB8B /* ViewController.m */ = {isa = PBXFileReference; lastKnownFileType = sourcecode.c.objc; path = ViewController.m; sourceTree = "<group>"; };
		989F28CD1AA50335000DAB8B /* Base */ = {isa = PBXFileReference; lastKnownFileType = file.storyboard; name = Base; path = Base.lproj/Main.storyboard; sourceTree = "<group>"; };
		989F28CF1AA50335000DAB8B /* Images.xcassets */ = {isa = PBXFileReference; lastKnownFileType = folder.assetcatalog; path = Images.xcassets; sourceTree = "<group>"; };
		989F28D21AA50335000DAB8B /* Base */ = {isa = PBXFileReference; lastKnownFileType = file.xib; name = Base; path = Base.lproj/LaunchScreen.xib; sourceTree = "<group>"; };
		989F28DD1AA50335000DAB8B /* Info.plist */ = {isa = PBXFileReference; lastKnownFileType = text.plist.xml; path = Info.plist; sourceTree = "<group>"; };
		989F28DE1AA50335000DAB8B /* DVRLiveTests.m */ = {isa = PBXFileReference; lastKnownFileType = sourcecode.c.objc; path = DVRLiveTests.m; sourceTree = "<group>"; };
/* End PBXFileReference section */

/* Begin PBXFrameworksBuildPhase section */
		989F28BC1AA50335000DAB8B /* Frameworks */ = {
			isa = PBXFrameworksBuildPhase;
			buildActionMask = 2147483647;
			files = (
				F7CBF6580F918FC6DE7EEC63 /* libPods.a in Frameworks */,
			);
			runOnlyForDeploymentPostprocessing = 0;
		};
/* End PBXFrameworksBuildPhase section */

/* Begin PBXGroup section */
		3C5249DE024349B764E67358 /* Frameworks */ = {
			isa = PBXGroup;
			children = (
				690D573FFD94CE1A5A8D59D4 /* libPods.a */,
			);
			name = Frameworks;
			sourceTree = "<group>";
		};
		5F35988A07CF00979FA7FD25 /* Pods */ = {
			isa = PBXGroup;
			children = (
				8C8DA855232DCD35CD8DF924 /* Pods.debug.xcconfig */,
				6ABE3E428F126C192F462FA9 /* Pods.release.xcconfig */,
			);
			name = Pods;
			sourceTree = "<group>";
		};
		989F28B61AA50335000DAB8B = {
			isa = PBXGroup;
			children = (
				989F28C11AA50335000DAB8B /* DVRLive */,
				989F28DB1AA50335000DAB8B /* DVRLiveTests */,
				989F28C01AA50335000DAB8B /* Products */,
				5F35988A07CF00979FA7FD25 /* Pods */,
				3C5249DE024349B764E67358 /* Frameworks */,
			);
			sourceTree = "<group>";
		};
		989F28C01AA50335000DAB8B /* Products */ = {
			isa = PBXGroup;
			children = (
				989F28BF1AA50335000DAB8B /* DVRLive.app */,
			);
			name = Products;
			sourceTree = "<group>";
		};
		989F28C11AA50335000DAB8B /* DVRLive */ = {
			isa = PBXGroup;
			children = (
				989F28C61AA50335000DAB8B /* AppDelegate.h */,
				989F28C71AA50335000DAB8B /* AppDelegate.m */,
				989F28C91AA50335000DAB8B /* ViewController.h */,
				989F28CA1AA50335000DAB8B /* ViewController.m */,
				989F28CC1AA50335000DAB8B /* Main.storyboard */,
				989F28CF1AA50335000DAB8B /* Images.xcassets */,
				989F28D11AA50335000DAB8B /* LaunchScreen.xib */,
				989F28C21AA50335000DAB8B /* Supporting Files */,
			);
			path = DVRLive;
			sourceTree = "<group>";
		};
		989F28C21AA50335000DAB8B /* Supporting Files */ = {
			isa = PBXGroup;
			children = (
				989F28C31AA50335000DAB8B /* Info.plist */,
				989F28C41AA50335000DAB8B /* main.m */,
			);
			name = "Supporting Files";
			sourceTree = "<group>";
		};
		989F28DB1AA50335000DAB8B /* DVRLiveTests */ = {
			isa = PBXGroup;
			children = (
				989F28DE1AA50335000DAB8B /* DVRLiveTests.m */,
				989F28DC1AA50335000DAB8B /* Supporting Files */,
			);
			path = DVRLiveTests;
			sourceTree = "<group>";
		};
		989F28DC1AA50335000DAB8B /* Supporting Files */ = {
			isa = PBXGroup;
			children = (
				989F28DD1AA50335000DAB8B /* Info.plist */,
			);
			name = "Supporting Files";
			sourceTree = "<group>";
		};
/* End PBXGroup section */

/* Begin PBXNativeTarget section */
		989F28BE1AA50335000DAB8B /* DVRLive */ = {
			isa = PBXNativeTarget;
			buildConfigurationList = 989F28E21AA50335000DAB8B /* Build configuration list for PBXNativeTarget "DVRLive" */;
			buildPhases = (
				BCE8331B6B978422D306E3F9 /* Check Pods Manifest.lock */,
				989F28BB1AA50335000DAB8B /* Sources */,
				989F28BC1AA50335000DAB8B /* Frameworks */,
				989F28BD1AA50335000DAB8B /* Resources */,
				F45A270081585E677B857C03 /* Copy Pods Resources */,
				1256BDC2419E3017C0CF9F0D /* Embed Pods Frameworks */,
			);
			buildRules = (
			);
			dependencies = (
			);
			name = DVRLive;
			productName = DVRLive;
			productReference = 989F28BF1AA50335000DAB8B /* DVRLive.app */;
			productType = "com.apple.product-type.application";
		};
/* End PBXNativeTarget section */

/* Begin PBXProject section */
		989F28B71AA50335000DAB8B /* Project object */ = {
			isa = PBXProject;
			attributes = {
				LastUpgradeCheck = 0710;
				ORGANIZATIONNAME = "Brightcove Inc";
				TargetAttributes = {
					989F28BE1AA50335000DAB8B = {
						CreatedOnToolsVersion = 6.1.1;
					};
				};
			};
			buildConfigurationList = 989F28BA1AA50335000DAB8B /* Build configuration list for PBXProject "DVRLive" */;
			compatibilityVersion = "Xcode 3.2";
			developmentRegion = English;
			hasScannedForEncodings = 0;
			knownRegions = (
				en,
				Base,
			);
			mainGroup = 989F28B61AA50335000DAB8B;
			productRefGroup = 989F28C01AA50335000DAB8B /* Products */;
			projectDirPath = "";
			projectRoot = "";
			targets = (
				989F28BE1AA50335000DAB8B /* DVRLive */,
			);
		};
/* End PBXProject section */

/* Begin PBXResourcesBuildPhase section */
		989F28BD1AA50335000DAB8B /* Resources */ = {
			isa = PBXResourcesBuildPhase;
			buildActionMask = 2147483647;
			files = (
				989F28CE1AA50335000DAB8B /* Main.storyboard in Resources */,
				989F28D31AA50335000DAB8B /* LaunchScreen.xib in Resources */,
				989F28D01AA50335000DAB8B /* Images.xcassets in Resources */,
			);
			runOnlyForDeploymentPostprocessing = 0;
		};
/* End PBXResourcesBuildPhase section */

/* Begin PBXShellScriptBuildPhase section */
		1256BDC2419E3017C0CF9F0D /* Embed Pods Frameworks */ = {
			isa = PBXShellScriptBuildPhase;
			buildActionMask = 2147483647;
			files = (
			);
			inputPaths = (
			);
			name = "Embed Pods Frameworks";
			outputPaths = (
			);
			runOnlyForDeploymentPostprocessing = 0;
			shellPath = /bin/sh;
			shellScript = "\"${SRCROOT}/Pods/Target Support Files/Pods/Pods-frameworks.sh\"\n";
			showEnvVarsInLog = 0;
		};
		BCE8331B6B978422D306E3F9 /* Check Pods Manifest.lock */ = {
			isa = PBXShellScriptBuildPhase;
			buildActionMask = 2147483647;
			files = (
			);
			inputPaths = (
			);
			name = "Check Pods Manifest.lock";
			outputPaths = (
			);
			runOnlyForDeploymentPostprocessing = 0;
			shellPath = /bin/sh;
			shellScript = "diff \"${PODS_ROOT}/../Podfile.lock\" \"${PODS_ROOT}/Manifest.lock\" > /dev/null\nif [[ $? != 0 ]] ; then\n    cat << EOM\nerror: The sandbox is not in sync with the Podfile.lock. Run 'pod install' or update your CocoaPods installation.\nEOM\n    exit 1\nfi\n";
			showEnvVarsInLog = 0;
		};
		F45A270081585E677B857C03 /* Copy Pods Resources */ = {
			isa = PBXShellScriptBuildPhase;
			buildActionMask = 2147483647;
			files = (
			);
			inputPaths = (
			);
			name = "Copy Pods Resources";
			outputPaths = (
			);
			runOnlyForDeploymentPostprocessing = 0;
			shellPath = /bin/sh;
			shellScript = "\"${SRCROOT}/Pods/Target Support Files/Pods/Pods-resources.sh\"\n";
			showEnvVarsInLog = 0;
		};
/* End PBXShellScriptBuildPhase section */

/* Begin PBXSourcesBuildPhase section */
		989F28BB1AA50335000DAB8B /* Sources */ = {
			isa = PBXSourcesBuildPhase;
			buildActionMask = 2147483647;
			files = (
				989F28CB1AA50335000DAB8B /* ViewController.m in Sources */,
				989F28C81AA50335000DAB8B /* AppDelegate.m in Sources */,
				989F28C51AA50335000DAB8B /* main.m in Sources */,
			);
			runOnlyForDeploymentPostprocessing = 0;
		};
/* End PBXSourcesBuildPhase section */

/* Begin PBXVariantGroup section */
		989F28CC1AA50335000DAB8B /* Main.storyboard */ = {
			isa = PBXVariantGroup;
			children = (
				989F28CD1AA50335000DAB8B /* Base */,
			);
			name = Main.storyboard;
			sourceTree = "<group>";
		};
		989F28D11AA50335000DAB8B /* LaunchScreen.xib */ = {
			isa = PBXVariantGroup;
			children = (
				989F28D21AA50335000DAB8B /* Base */,
			);
			name = LaunchScreen.xib;
			sourceTree = "<group>";
		};
/* End PBXVariantGroup section */

/* Begin XCBuildConfiguration section */
		989F28E01AA50335000DAB8B /* Debug */ = {
			isa = XCBuildConfiguration;
			buildSettings = {
				ALWAYS_SEARCH_USER_PATHS = NO;
				CLANG_CXX_LANGUAGE_STANDARD = "gnu++0x";
				CLANG_CXX_LIBRARY = "libc++";
				CLANG_ENABLE_MODULES = YES;
				CLANG_ENABLE_OBJC_ARC = YES;
				CLANG_WARN_BOOL_CONVERSION = YES;
				CLANG_WARN_CONSTANT_CONVERSION = YES;
				CLANG_WARN_DIRECT_OBJC_ISA_USAGE = YES_ERROR;
				CLANG_WARN_EMPTY_BODY = YES;
				CLANG_WARN_ENUM_CONVERSION = YES;
				CLANG_WARN_INT_CONVERSION = YES;
				CLANG_WARN_OBJC_ROOT_CLASS = YES_ERROR;
				CLANG_WARN_UNREACHABLE_CODE = YES;
				CLANG_WARN__DUPLICATE_METHOD_MATCH = YES;
				"CODE_SIGN_IDENTITY[sdk=iphoneos*]" = "iPhone Developer";
				COPY_PHASE_STRIP = NO;
				ENABLE_STRICT_OBJC_MSGSEND = YES;
				ENABLE_TESTABILITY = YES;
				GCC_C_LANGUAGE_STANDARD = gnu99;
				GCC_DYNAMIC_NO_PIC = NO;
				GCC_OPTIMIZATION_LEVEL = 0;
				GCC_PREPROCESSOR_DEFINITIONS = (
					"DEBUG=1",
					"$(inherited)",
				);
				GCC_SYMBOLS_PRIVATE_EXTERN = NO;
				GCC_WARN_64_TO_32_BIT_CONVERSION = YES;
				GCC_WARN_ABOUT_RETURN_TYPE = YES_ERROR;
				GCC_WARN_UNDECLARED_SELECTOR = YES;
				GCC_WARN_UNINITIALIZED_AUTOS = YES_AGGRESSIVE;
				GCC_WARN_UNUSED_FUNCTION = YES;
				GCC_WARN_UNUSED_VARIABLE = YES;
				IPHONEOS_DEPLOYMENT_TARGET = 8.1;
				MTL_ENABLE_DEBUG_INFO = YES;
				ONLY_ACTIVE_ARCH = YES;
				SDKROOT = iphoneos;
				TARGETED_DEVICE_FAMILY = "1,2";
			};
			name = Debug;
		};
		989F28E11AA50335000DAB8B /* Release */ = {
			isa = XCBuildConfiguration;
			buildSettings = {
				ALWAYS_SEARCH_USER_PATHS = NO;
				CLANG_CXX_LANGUAGE_STANDARD = "gnu++0x";
				CLANG_CXX_LIBRARY = "libc++";
				CLANG_ENABLE_MODULES = YES;
				CLANG_ENABLE_OBJC_ARC = YES;
				CLANG_WARN_BOOL_CONVERSION = YES;
				CLANG_WARN_CONSTANT_CONVERSION = YES;
				CLANG_WARN_DIRECT_OBJC_ISA_USAGE = YES_ERROR;
				CLANG_WARN_EMPTY_BODY = YES;
				CLANG_WARN_ENUM_CONVERSION = YES;
				CLANG_WARN_INT_CONVERSION = YES;
				CLANG_WARN_OBJC_ROOT_CLASS = YES_ERROR;
				CLANG_WARN_UNREACHABLE_CODE = YES;
				CLANG_WARN__DUPLICATE_METHOD_MATCH = YES;
				"CODE_SIGN_IDENTITY[sdk=iphoneos*]" = "iPhone Developer";
				COPY_PHASE_STRIP = YES;
				ENABLE_NS_ASSERTIONS = NO;
				ENABLE_STRICT_OBJC_MSGSEND = YES;
				GCC_C_LANGUAGE_STANDARD = gnu99;
				GCC_WARN_64_TO_32_BIT_CONVERSION = YES;
				GCC_WARN_ABOUT_RETURN_TYPE = YES_ERROR;
				GCC_WARN_UNDECLARED_SELECTOR = YES;
				GCC_WARN_UNINITIALIZED_AUTOS = YES_AGGRESSIVE;
				GCC_WARN_UNUSED_FUNCTION = YES;
				GCC_WARN_UNUSED_VARIABLE = YES;
				IPHONEOS_DEPLOYMENT_TARGET = 8.1;
				MTL_ENABLE_DEBUG_INFO = NO;
				SDKROOT = iphoneos;
				TARGETED_DEVICE_FAMILY = "1,2";
				VALIDATE_PRODUCT = YES;
			};
			name = Release;
		};
		989F28E31AA50335000DAB8B /* Debug */ = {
			isa = XCBuildConfiguration;
			baseConfigurationReference = 8C8DA855232DCD35CD8DF924 /* Pods.debug.xcconfig */;
			buildSettings = {
				ASSETCATALOG_COMPILER_APPICON_NAME = AppIcon;
				CODE_SIGN_IDENTITY = "iPhone Developer";
				ENABLE_BITCODE = NO;
				ENABLE_TESTABILITY = YES;
				INFOPLIST_FILE = DVRLive/Info.plist;
				IPHONEOS_DEPLOYMENT_TARGET = 8.0;
				LD_RUNPATH_SEARCH_PATHS = "$(inherited) @executable_path/Frameworks";
				PRODUCT_BUNDLE_IDENTIFIER = "com.brightcove.$(PRODUCT_NAME:rfc1034identifier)";
				PRODUCT_NAME = "$(TARGET_NAME)";
			};
			name = Debug;
		};
		989F28E41AA50335000DAB8B /* Release */ = {
			isa = XCBuildConfiguration;
			baseConfigurationReference = 6ABE3E428F126C192F462FA9 /* Pods.release.xcconfig */;
			buildSettings = {
				ASSETCATALOG_COMPILER_APPICON_NAME = AppIcon;
				CODE_SIGN_IDENTITY = "iPhone Developer";
				ENABLE_BITCODE = NO;
				ENABLE_TESTABILITY = YES;
				INFOPLIST_FILE = DVRLive/Info.plist;
				IPHONEOS_DEPLOYMENT_TARGET = 8.0;
				LD_RUNPATH_SEARCH_PATHS = "$(inherited) @executable_path/Frameworks";
				PRODUCT_BUNDLE_IDENTIFIER = "com.brightcove.$(PRODUCT_NAME:rfc1034identifier)";
				PRODUCT_NAME = "$(TARGET_NAME)";
			};
			name = Release;
		};
/* End XCBuildConfiguration section */

/* Begin XCConfigurationList section */
		989F28BA1AA50335000DAB8B /* Build configuration list for PBXProject "DVRLive" */ = {
			isa = XCConfigurationList;
			buildConfigurations = (
				989F28E01AA50335000DAB8B /* Debug */,
				989F28E11AA50335000DAB8B /* Release */,
			);
			defaultConfigurationIsVisible = 0;
			defaultConfigurationName = Release;
		};
		989F28E21AA50335000DAB8B /* Build configuration list for PBXNativeTarget "DVRLive" */ = {
			isa = XCConfigurationList;
			buildConfigurations = (
				989F28E31AA50335000DAB8B /* Debug */,
				989F28E41AA50335000DAB8B /* Release */,
			);
			defaultConfigurationIsVisible = 0;
			defaultConfigurationName = Release;
		};
/* End XCConfigurationList section */
	};
	rootObject = 989F28B71AA50335000DAB8B /* Project object */;
}
