// !$*UTF8*$!
{
	archiveVersion = 1;
	classes = {
	};
	objectVersion = 51;
	objects = {

/* Begin PBXBuildFile section */
		09E30266CB0EF5C13DA5F2E7 /* Pods_Video360Player.framework in Frameworks */ = {isa = PBXBuildFile; fileRef = B72622ECD22CC59AE2C2FA35 /* Pods_Video360Player.framework */; };
		E9DEE543216E39F60033C285 /* AppDelegate.swift in Sources */ = {isa = PBXBuildFile; fileRef = E9DEE542216E39F60033C285 /* AppDelegate.swift */; };
		E9DEE545216E39F60033C285 /* ViewController.swift in Sources */ = {isa = PBXBuildFile; fileRef = E9DEE544216E39F60033C285 /* ViewController.swift */; };
		E9DEE548216E39F60033C285 /* Main.storyboard in Resources */ = {isa = PBXBuildFile; fileRef = E9DEE546216E39F60033C285 /* Main.storyboard */; };
		E9DEE54A216E39F70033C285 /* Assets.xcassets in Resources */ = {isa = PBXBuildFile; fileRef = E9DEE549216E39F70033C285 /* Assets.xcassets */; };
		E9DEE54D216E39F70033C285 /* LaunchScreen.storyboard in Resources */ = {isa = PBXBuildFile; fileRef = E9DEE54B216E39F70033C285 /* LaunchScreen.storyboard */; };
/* End PBXBuildFile section */

/* Begin PBXFileReference section */
		19B5F7A44361F57EFAED2D81 /* Pods-Video360Player.release.xcconfig */ = {isa = PBXFileReference; includeInIndex = 1; lastKnownFileType = text.xcconfig; name = "Pods-Video360Player.release.xcconfig"; path = "Pods/Target Support Files/Pods-Video360Player/Pods-Video360Player.release.xcconfig"; sourceTree = "<group>"; };
		B72622ECD22CC59AE2C2FA35 /* Pods_Video360Player.framework */ = {isa = PBXFileReference; explicitFileType = wrapper.framework; includeInIndex = 0; path = Pods_Video360Player.framework; sourceTree = BUILT_PRODUCTS_DIR; };
		D9A9B308F0F6B9686FF52F2A /* Pods-Video360Player.debug.xcconfig */ = {isa = PBXFileReference; includeInIndex = 1; lastKnownFileType = text.xcconfig; name = "Pods-Video360Player.debug.xcconfig"; path = "Pods/Target Support Files/Pods-Video360Player/Pods-Video360Player.debug.xcconfig"; sourceTree = "<group>"; };
		E9DEE53F216E39F60033C285 /* Video360Player.app */ = {isa = PBXFileReference; explicitFileType = wrapper.application; includeInIndex = 0; path = Video360Player.app; sourceTree = BUILT_PRODUCTS_DIR; };
		E9DEE542216E39F60033C285 /* AppDelegate.swift */ = {isa = PBXFileReference; lastKnownFileType = sourcecode.swift; path = AppDelegate.swift; sourceTree = "<group>"; };
		E9DEE544216E39F60033C285 /* ViewController.swift */ = {isa = PBXFileReference; lastKnownFileType = sourcecode.swift; path = ViewController.swift; sourceTree = "<group>"; };
		E9DEE547216E39F60033C285 /* Base */ = {isa = PBXFileReference; lastKnownFileType = file.storyboard; name = Base; path = Base.lproj/Main.storyboard; sourceTree = "<group>"; };
		E9DEE549216E39F70033C285 /* Assets.xcassets */ = {isa = PBXFileReference; lastKnownFileType = folder.assetcatalog; path = Assets.xcassets; sourceTree = "<group>"; };
		E9DEE54C216E39F70033C285 /* Base */ = {isa = PBXFileReference; lastKnownFileType = file.storyboard; name = Base; path = Base.lproj/LaunchScreen.storyboard; sourceTree = "<group>"; };
		E9DEE54E216E39F70033C285 /* Info.plist */ = {isa = PBXFileReference; lastKnownFileType = text.plist.xml; path = Info.plist; sourceTree = "<group>"; };
/* End PBXFileReference section */

/* Begin PBXFrameworksBuildPhase section */
		E9DEE53C216E39F60033C285 /* Frameworks */ = {
			isa = PBXFrameworksBuildPhase;
			buildActionMask = 2147483647;
			files = (
				09E30266CB0EF5C13DA5F2E7 /* Pods_Video360Player.framework in Frameworks */,
			);
			runOnlyForDeploymentPostprocessing = 0;
		};
/* End PBXFrameworksBuildPhase section */

/* Begin PBXGroup section */
		202F43A9A6DC41118FB749E8 /* Frameworks */ = {
			isa = PBXGroup;
			children = (
				B72622ECD22CC59AE2C2FA35 /* Pods_Video360Player.framework */,
			);
			name = Frameworks;
			sourceTree = "<group>";
		};
		C3B0B499F37EDD17E97F1DE3 /* Pods */ = {
			isa = PBXGroup;
			children = (
				D9A9B308F0F6B9686FF52F2A /* Pods-Video360Player.debug.xcconfig */,
				19B5F7A44361F57EFAED2D81 /* Pods-Video360Player.release.xcconfig */,
			);
			name = Pods;
			sourceTree = "<group>";
		};
		E9DEE536216E39F60033C285 = {
			isa = PBXGroup;
			children = (
				E9DEE541216E39F60033C285 /* Video360Player */,
				E9DEE540216E39F60033C285 /* Products */,
				C3B0B499F37EDD17E97F1DE3 /* Pods */,
				202F43A9A6DC41118FB749E8 /* Frameworks */,
			);
			sourceTree = "<group>";
		};
		E9DEE540216E39F60033C285 /* Products */ = {
			isa = PBXGroup;
			children = (
				E9DEE53F216E39F60033C285 /* Video360Player.app */,
			);
			name = Products;
			sourceTree = "<group>";
		};
		E9DEE541216E39F60033C285 /* Video360Player */ = {
			isa = PBXGroup;
			children = (
				E9DEE542216E39F60033C285 /* AppDelegate.swift */,
				E9DEE544216E39F60033C285 /* ViewController.swift */,
				E9DEE546216E39F60033C285 /* Main.storyboard */,
				E9DEE549216E39F70033C285 /* Assets.xcassets */,
				E9DEE54B216E39F70033C285 /* LaunchScreen.storyboard */,
				E9DEE54E216E39F70033C285 /* Info.plist */,
			);
			path = Video360Player;
			sourceTree = "<group>";
		};
/* End PBXGroup section */

/* Begin PBXNativeTarget section */
		E9DEE53E216E39F60033C285 /* Video360Player */ = {
			isa = PBXNativeTarget;
			buildConfigurationList = E9DEE551216E39F70033C285 /* Build configuration list for PBXNativeTarget "Video360Player" */;
			buildPhases = (
				D95A9A10BBAF117C1F2CFCFB /* [CP] Check Pods Manifest.lock */,
				E9DEE53B216E39F60033C285 /* Sources */,
				E9DEE53C216E39F60033C285 /* Frameworks */,
				E9DEE53D216E39F60033C285 /* Resources */,
				CC0D372555CE76B456511CBC /* [CP] Embed Pods Frameworks */,
				0FC27FD74BDE9D64CACF8061 /* [CP] Copy Pods Resources */,
			);
			buildRules = (
			);
			dependencies = (
			);
			name = Video360Player;
			productName = Video360Player;
			productReference = E9DEE53F216E39F60033C285 /* Video360Player.app */;
			productType = "com.apple.product-type.application";
		};
/* End PBXNativeTarget section */

/* Begin PBXProject section */
		E9DEE537216E39F60033C285 /* Project object */ = {
			isa = PBXProject;
			attributes = {
				LastSwiftUpdateCheck = 1000;
				LastUpgradeCheck = 1000;
				ORGANIZATIONNAME = "Brightcove, Inc";
				TargetAttributes = {
					E9DEE53E216E39F60033C285 = {
						CreatedOnToolsVersion = 10.0;
					};
				};
			};
			buildConfigurationList = E9DEE53A216E39F60033C285 /* Build configuration list for PBXProject "Video360Player" */;
			compatibilityVersion = "Xcode 10.0";
			developmentRegion = en;
			hasScannedForEncodings = 0;
			knownRegions = (
				en,
				Base,
			);
			mainGroup = E9DEE536216E39F60033C285;
			productRefGroup = E9DEE540216E39F60033C285 /* Products */;
			projectDirPath = "";
			projectRoot = "";
			targets = (
				E9DEE53E216E39F60033C285 /* Video360Player */,
			);
		};
/* End PBXProject section */

/* Begin PBXResourcesBuildPhase section */
		E9DEE53D216E39F60033C285 /* Resources */ = {
			isa = PBXResourcesBuildPhase;
			buildActionMask = 2147483647;
			files = (
				E9DEE54D216E39F70033C285 /* LaunchScreen.storyboard in Resources */,
				E9DEE54A216E39F70033C285 /* Assets.xcassets in Resources */,
				E9DEE548216E39F60033C285 /* Main.storyboard in Resources */,
			);
			runOnlyForDeploymentPostprocessing = 0;
		};
/* End PBXResourcesBuildPhase section */

/* Begin PBXShellScriptBuildPhase section */
		0FC27FD74BDE9D64CACF8061 /* [CP] Copy Pods Resources */ = {
			isa = PBXShellScriptBuildPhase;
			buildActionMask = 2147483647;
			files = (
			);
			inputFileListPaths = (
			);
			inputPaths = (
				"${SRCROOT}/Pods/Target Support Files/Pods-Video360Player/Pods-Video360Player-resources.sh",
				"${PODS_CONFIGURATION_BUILD_DIR}/Brightcove-Player-Core/BCOVPUIResources.bundle",
			);
			name = "[CP] Copy Pods Resources";
			outputFileListPaths = (
			);
			outputPaths = (
				"${TARGET_BUILD_DIR}/${UNLOCALIZED_RESOURCES_FOLDER_PATH}/BCOVPUIResources.bundle",
			);
			runOnlyForDeploymentPostprocessing = 0;
			shellPath = /bin/sh;
			shellScript = "\"${SRCROOT}/Pods/Target Support Files/Pods-Video360Player/Pods-Video360Player-resources.sh\"\n";
			showEnvVarsInLog = 0;
		};
		CC0D372555CE76B456511CBC /* [CP] Embed Pods Frameworks */ = {
			isa = PBXShellScriptBuildPhase;
			buildActionMask = 2147483647;
			files = (
			);
			inputFileListPaths = (
			);
			inputPaths = (
				"${SRCROOT}/Pods/Target Support Files/Pods-Video360Player/Pods-Video360Player-frameworks.sh",
				"${PODS_ROOT}/Brightcove-Player-Core/ios/dynamic/BrightcovePlayerSDK.framework",
			);
			name = "[CP] Embed Pods Frameworks";
			outputFileListPaths = (
			);
			outputPaths = (
				"${TARGET_BUILD_DIR}/${FRAMEWORKS_FOLDER_PATH}/BrightcovePlayerSDK.framework",
			);
			runOnlyForDeploymentPostprocessing = 0;
			shellPath = /bin/sh;
			shellScript = "\"${SRCROOT}/Pods/Target Support Files/Pods-Video360Player/Pods-Video360Player-frameworks.sh\"\n";
			showEnvVarsInLog = 0;
		};
		D95A9A10BBAF117C1F2CFCFB /* [CP] Check Pods Manifest.lock */ = {
			isa = PBXShellScriptBuildPhase;
			buildActionMask = 2147483647;
			files = (
			);
			inputFileListPaths = (
			);
			inputPaths = (
				"${PODS_PODFILE_DIR_PATH}/Podfile.lock",
				"${PODS_ROOT}/Manifest.lock",
			);
			name = "[CP] Check Pods Manifest.lock";
			outputFileListPaths = (
			);
			outputPaths = (
				"$(DERIVED_FILE_DIR)/Pods-Video360Player-checkManifestLockResult.txt",
			);
			runOnlyForDeploymentPostprocessing = 0;
			shellPath = /bin/sh;
			shellScript = "diff \"${PODS_PODFILE_DIR_PATH}/Podfile.lock\" \"${PODS_ROOT}/Manifest.lock\" > /dev/null\nif [ $? != 0 ] ; then\n    # print error to STDERR\n    echo \"error: The sandbox is not in sync with the Podfile.lock. Run 'pod install' or update your CocoaPods installation.\" >&2\n    exit 1\nfi\n# This output is used by Xcode 'outputs' to avoid re-running this script phase.\necho \"SUCCESS\" > \"${SCRIPT_OUTPUT_FILE_0}\"\n";
			showEnvVarsInLog = 0;
		};
/* End PBXShellScriptBuildPhase section */

/* Begin PBXSourcesBuildPhase section */
		E9DEE53B216E39F60033C285 /* Sources */ = {
			isa = PBXSourcesBuildPhase;
			buildActionMask = 2147483647;
			files = (
				E9DEE545216E39F60033C285 /* ViewController.swift in Sources */,
				E9DEE543216E39F60033C285 /* AppDelegate.swift in Sources */,
			);
			runOnlyForDeploymentPostprocessing = 0;
		};
/* End PBXSourcesBuildPhase section */

/* Begin PBXVariantGroup section */
		E9DEE546216E39F60033C285 /* Main.storyboard */ = {
			isa = PBXVariantGroup;
			children = (
				E9DEE547216E39F60033C285 /* Base */,
			);
			name = Main.storyboard;
			sourceTree = "<group>";
		};
		E9DEE54B216E39F70033C285 /* LaunchScreen.storyboard */ = {
			isa = PBXVariantGroup;
			children = (
				E9DEE54C216E39F70033C285 /* Base */,
			);
			name = LaunchScreen.storyboard;
			sourceTree = "<group>";
		};
/* End PBXVariantGroup section */

/* Begin XCBuildConfiguration section */
		E9DEE54F216E39F70033C285 /* Debug */ = {
			isa = XCBuildConfiguration;
			buildSettings = {
				ALWAYS_SEARCH_USER_PATHS = NO;
				CLANG_ANALYZER_NONNULL = YES;
				CLANG_ANALYZER_NUMBER_OBJECT_CONVERSION = YES_AGGRESSIVE;
				CLANG_CXX_LANGUAGE_STANDARD = "gnu++14";
				CLANG_CXX_LIBRARY = "libc++";
				CLANG_ENABLE_MODULES = YES;
				CLANG_ENABLE_OBJC_ARC = YES;
				CLANG_ENABLE_OBJC_WEAK = YES;
				CLANG_WARN_BLOCK_CAPTURE_AUTORELEASING = YES;
				CLANG_WARN_BOOL_CONVERSION = YES;
				CLANG_WARN_COMMA = YES;
				CLANG_WARN_CONSTANT_CONVERSION = YES;
				CLANG_WARN_DEPRECATED_OBJC_IMPLEMENTATIONS = YES;
				CLANG_WARN_DIRECT_OBJC_ISA_USAGE = YES_ERROR;
				CLANG_WARN_DOCUMENTATION_COMMENTS = YES;
				CLANG_WARN_EMPTY_BODY = YES;
				CLANG_WARN_ENUM_CONVERSION = YES;
				CLANG_WARN_INFINITE_RECURSION = YES;
				CLANG_WARN_INT_CONVERSION = YES;
				CLANG_WARN_NON_LITERAL_NULL_CONVERSION = YES;
				CLANG_WARN_OBJC_IMPLICIT_RETAIN_SELF = YES;
				CLANG_WARN_OBJC_LITERAL_CONVERSION = YES;
				CLANG_WARN_OBJC_ROOT_CLASS = YES_ERROR;
				CLANG_WARN_RANGE_LOOP_ANALYSIS = YES;
				CLANG_WARN_STRICT_PROTOTYPES = YES;
				CLANG_WARN_SUSPICIOUS_MOVE = YES;
				CLANG_WARN_UNGUARDED_AVAILABILITY = YES_AGGRESSIVE;
				CLANG_WARN_UNREACHABLE_CODE = YES;
				CLANG_WARN__DUPLICATE_METHOD_MATCH = YES;
				CODE_SIGN_IDENTITY = "iPhone Developer";
				COPY_PHASE_STRIP = NO;
				DEBUG_INFORMATION_FORMAT = dwarf;
				ENABLE_STRICT_OBJC_MSGSEND = YES;
				ENABLE_TESTABILITY = YES;
				GCC_C_LANGUAGE_STANDARD = gnu11;
				GCC_DYNAMIC_NO_PIC = NO;
				GCC_NO_COMMON_BLOCKS = YES;
				GCC_OPTIMIZATION_LEVEL = 0;
				GCC_PREPROCESSOR_DEFINITIONS = (
					"DEBUG=1",
					"$(inherited)",
				);
				GCC_WARN_64_TO_32_BIT_CONVERSION = YES;
				GCC_WARN_ABOUT_RETURN_TYPE = YES_ERROR;
				GCC_WARN_UNDECLARED_SELECTOR = YES;
				GCC_WARN_UNINITIALIZED_AUTOS = YES_AGGRESSIVE;
				GCC_WARN_UNUSED_FUNCTION = YES;
				GCC_WARN_UNUSED_VARIABLE = YES;
				IPHONEOS_DEPLOYMENT_TARGET = 12.0;
				MTL_ENABLE_DEBUG_INFO = INCLUDE_SOURCE;
				MTL_FAST_MATH = YES;
				ONLY_ACTIVE_ARCH = YES;
				SDKROOT = iphoneos;
				SWIFT_ACTIVE_COMPILATION_CONDITIONS = DEBUG;
				SWIFT_OPTIMIZATION_LEVEL = "-Onone";
			};
			name = Debug;
		};
		E9DEE550216E39F70033C285 /* Release */ = {
			isa = XCBuildConfiguration;
			buildSettings = {
				ALWAYS_SEARCH_USER_PATHS = NO;
				CLANG_ANALYZER_NONNULL = YES;
				CLANG_ANALYZER_NUMBER_OBJECT_CONVERSION = YES_AGGRESSIVE;
				CLANG_CXX_LANGUAGE_STANDARD = "gnu++14";
				CLANG_CXX_LIBRARY = "libc++";
				CLANG_ENABLE_MODULES = YES;
				CLANG_ENABLE_OBJC_ARC = YES;
				CLANG_ENABLE_OBJC_WEAK = YES;
				CLANG_WARN_BLOCK_CAPTURE_AUTORELEASING = YES;
				CLANG_WARN_BOOL_CONVERSION = YES;
				CLANG_WARN_COMMA = YES;
				CLANG_WARN_CONSTANT_CONVERSION = YES;
				CLANG_WARN_DEPRECATED_OBJC_IMPLEMENTATIONS = YES;
				CLANG_WARN_DIRECT_OBJC_ISA_USAGE = YES_ERROR;
				CLANG_WARN_DOCUMENTATION_COMMENTS = YES;
				CLANG_WARN_EMPTY_BODY = YES;
				CLANG_WARN_ENUM_CONVERSION = YES;
				CLANG_WARN_INFINITE_RECURSION = YES;
				CLANG_WARN_INT_CONVERSION = YES;
				CLANG_WARN_NON_LITERAL_NULL_CONVERSION = YES;
				CLANG_WARN_OBJC_IMPLICIT_RETAIN_SELF = YES;
				CLANG_WARN_OBJC_LITERAL_CONVERSION = YES;
				CLANG_WARN_OBJC_ROOT_CLASS = YES_ERROR;
				CLANG_WARN_RANGE_LOOP_ANALYSIS = YES;
				CLANG_WARN_STRICT_PROTOTYPES = YES;
				CLANG_WARN_SUSPICIOUS_MOVE = YES;
				CLANG_WARN_UNGUARDED_AVAILABILITY = YES_AGGRESSIVE;
				CLANG_WARN_UNREACHABLE_CODE = YES;
				CLANG_WARN__DUPLICATE_METHOD_MATCH = YES;
				CODE_SIGN_IDENTITY = "iPhone Developer";
				COPY_PHASE_STRIP = NO;
				DEBUG_INFORMATION_FORMAT = "dwarf-with-dsym";
				ENABLE_NS_ASSERTIONS = NO;
				ENABLE_STRICT_OBJC_MSGSEND = YES;
				GCC_C_LANGUAGE_STANDARD = gnu11;
				GCC_NO_COMMON_BLOCKS = YES;
				GCC_WARN_64_TO_32_BIT_CONVERSION = YES;
				GCC_WARN_ABOUT_RETURN_TYPE = YES_ERROR;
				GCC_WARN_UNDECLARED_SELECTOR = YES;
				GCC_WARN_UNINITIALIZED_AUTOS = YES_AGGRESSIVE;
				GCC_WARN_UNUSED_FUNCTION = YES;
				GCC_WARN_UNUSED_VARIABLE = YES;
				IPHONEOS_DEPLOYMENT_TARGET = 12.0;
				MTL_ENABLE_DEBUG_INFO = NO;
				MTL_FAST_MATH = YES;
				SDKROOT = iphoneos;
				SWIFT_COMPILATION_MODE = wholemodule;
				SWIFT_OPTIMIZATION_LEVEL = "-O";
				VALIDATE_PRODUCT = YES;
			};
			name = Release;
		};
		E9DEE552216E39F70033C285 /* Debug */ = {
			isa = XCBuildConfiguration;
			baseConfigurationReference = D9A9B308F0F6B9686FF52F2A /* Pods-Video360Player.debug.xcconfig */;
			buildSettings = {
				ASSETCATALOG_COMPILER_APPICON_NAME = AppIcon;
				CODE_SIGN_STYLE = Automatic;
				DEVELOPMENT_TEAM = "";
				INFOPLIST_FILE = Video360Player/Info.plist;
				IPHONEOS_DEPLOYMENT_TARGET = 10.0;
				LD_RUNPATH_SEARCH_PATHS = (
					"$(inherited)",
					"@executable_path/Frameworks",
				);
				PRODUCT_BUNDLE_IDENTIFIER = com.brightcove.Video360Player;
				PRODUCT_NAME = "$(TARGET_NAME)";
				SWIFT_VERSION = 4.2;
				TARGETED_DEVICE_FAMILY = "1,2";
			};
			name = Debug;
		};
		E9DEE553216E39F70033C285 /* Release */ = {
			isa = XCBuildConfiguration;
			baseConfigurationReference = 19B5F7A44361F57EFAED2D81 /* Pods-Video360Player.release.xcconfig */;
			buildSettings = {
				ASSETCATALOG_COMPILER_APPICON_NAME = AppIcon;
				CODE_SIGN_STYLE = Automatic;
				DEVELOPMENT_TEAM = "";
				INFOPLIST_FILE = Video360Player/Info.plist;
				IPHONEOS_DEPLOYMENT_TARGET = 10.0;
				LD_RUNPATH_SEARCH_PATHS = (
					"$(inherited)",
					"@executable_path/Frameworks",
				);
				PRODUCT_BUNDLE_IDENTIFIER = com.brightcove.Video360Player;
				PRODUCT_NAME = "$(TARGET_NAME)";
				SWIFT_VERSION = 4.2;
				TARGETED_DEVICE_FAMILY = "1,2";
			};
			name = Release;
		};
/* End XCBuildConfiguration section */

/* Begin XCConfigurationList section */
		E9DEE53A216E39F60033C285 /* Build configuration list for PBXProject "Video360Player" */ = {
			isa = XCConfigurationList;
			buildConfigurations = (
				E9DEE54F216E39F70033C285 /* Debug */,
				E9DEE550216E39F70033C285 /* Release */,
			);
			defaultConfigurationIsVisible = 0;
			defaultConfigurationName = Release;
		};
		E9DEE551216E39F70033C285 /* Build configuration list for PBXNativeTarget "Video360Player" */ = {
			isa = XCConfigurationList;
			buildConfigurations = (
				E9DEE552216E39F70033C285 /* Debug */,
				E9DEE553216E39F70033C285 /* Release */,
			);
			defaultConfigurationIsVisible = 0;
			defaultConfigurationName = Release;
		};
/* End XCConfigurationList section */
	};
	rootObject = E9DEE537216E39F60033C285 /* Project object */;
}
