// !$*UTF8*$!
{
	archiveVersion = 1;
	classes = {
	};
	objectVersion = 56;
	objects = {

/* Begin PBXBuildFile section */
		D67E8B9B29E665C200E2366A /* AppDelegate.m in Sources */ = {isa = PBXBuildFile; fileRef = D67E8B9A29E665C200E2366A /* AppDelegate.m */; };
		D67E8BA129E665C200E2366A /* BaseViewController.m in Sources */ = {isa = PBXBuildFile; fileRef = D67E8BA029E665C200E2366A /* BaseViewController.m */; };
		D67E8BA429E665C200E2366A /* Main.storyboard in Resources */ = {isa = PBXBuildFile; fileRef = D67E8BA229E665C200E2366A /* Main.storyboard */; };
		D67E8BA629E665C300E2366A /* Assets.xcassets in Resources */ = {isa = PBXBuildFile; fileRef = D67E8BA529E665C300E2366A /* Assets.xcassets */; };
		D67E8BA929E665C300E2366A /* LaunchScreen.storyboard in Resources */ = {isa = PBXBuildFile; fileRef = D67E8BA729E665C300E2366A /* LaunchScreen.storyboard */; };
		D67E8BAC29E665C300E2366A /* main.m in Sources */ = {isa = PBXBuildFile; fileRef = D67E8BAB29E665C300E2366A /* main.m */; };
		D6F6FE7F2A13FFFE00B4102C /* AssetKeyViewController.m in Sources */ = {isa = PBXBuildFile; fileRef = D6F6FE7E2A13FFFE00B4102C /* AssetKeyViewController.m */; };
		D6F6FE852A14003B00B4102C /* VideoPropertiesViewController.m in Sources */ = {isa = PBXBuildFile; fileRef = D6F6FE842A14003B00B4102C /* VideoPropertiesViewController.m */; };
/* End PBXBuildFile section */

/* Begin PBXFileReference section */
		D67E8B9629E665C200E2366A /* BasicDAIPlayer.app */ = {isa = PBXFileReference; explicitFileType = wrapper.application; includeInIndex = 0; path = BasicDAIPlayer.app; sourceTree = BUILT_PRODUCTS_DIR; };
		D67E8B9929E665C200E2366A /* AppDelegate.h */ = {isa = PBXFileReference; lastKnownFileType = sourcecode.c.h; path = AppDelegate.h; sourceTree = "<group>"; };
		D67E8B9A29E665C200E2366A /* AppDelegate.m */ = {isa = PBXFileReference; lastKnownFileType = sourcecode.c.objc; path = AppDelegate.m; sourceTree = "<group>"; };
		D67E8B9F29E665C200E2366A /* BaseViewController.h */ = {isa = PBXFileReference; lastKnownFileType = sourcecode.c.h; path = BaseViewController.h; sourceTree = "<group>"; };
		D67E8BA029E665C200E2366A /* BaseViewController.m */ = {isa = PBXFileReference; lastKnownFileType = sourcecode.c.objc; path = BaseViewController.m; sourceTree = "<group>"; };
		D67E8BA329E665C200E2366A /* Base */ = {isa = PBXFileReference; lastKnownFileType = file.storyboard; name = Base; path = Base.lproj/Main.storyboard; sourceTree = "<group>"; };
		D67E8BA529E665C300E2366A /* Assets.xcassets */ = {isa = PBXFileReference; lastKnownFileType = folder.assetcatalog; path = Assets.xcassets; sourceTree = "<group>"; };
		D67E8BA829E665C300E2366A /* Base */ = {isa = PBXFileReference; lastKnownFileType = file.storyboard; name = Base; path = Base.lproj/LaunchScreen.storyboard; sourceTree = "<group>"; };
		D67E8BAA29E665C300E2366A /* Info.plist */ = {isa = PBXFileReference; lastKnownFileType = text.plist.xml; path = Info.plist; sourceTree = "<group>"; };
		D67E8BAB29E665C300E2366A /* main.m */ = {isa = PBXFileReference; lastKnownFileType = sourcecode.c.objc; path = main.m; sourceTree = "<group>"; };
		D6F6FE7D2A13FFFE00B4102C /* AssetKeyViewController.h */ = {isa = PBXFileReference; lastKnownFileType = sourcecode.c.h; path = AssetKeyViewController.h; sourceTree = "<group>"; };
		D6F6FE7E2A13FFFE00B4102C /* AssetKeyViewController.m */ = {isa = PBXFileReference; lastKnownFileType = sourcecode.c.objc; path = AssetKeyViewController.m; sourceTree = "<group>"; };
		D6F6FE832A14003B00B4102C /* VideoPropertiesViewController.h */ = {isa = PBXFileReference; lastKnownFileType = sourcecode.c.h; path = VideoPropertiesViewController.h; sourceTree = "<group>"; };
		D6F6FE842A14003B00B4102C /* VideoPropertiesViewController.m */ = {isa = PBXFileReference; lastKnownFileType = sourcecode.c.objc; path = VideoPropertiesViewController.m; sourceTree = "<group>"; };
/* End PBXFileReference section */

/* Begin PBXFrameworksBuildPhase section */
		D67E8B9329E665C200E2366A /* Frameworks */ = {
			isa = PBXFrameworksBuildPhase;
			buildActionMask = 2147483647;
			files = (
			);
			runOnlyForDeploymentPostprocessing = 0;
		};
/* End PBXFrameworksBuildPhase section */

/* Begin PBXGroup section */
		D67E8B8D29E665C200E2366A = {
			isa = PBXGroup;
			children = (
				D67E8B9829E665C200E2366A /* BasicDAIPlayer */,
				D67E8B9729E665C200E2366A /* Products */,
			);
			sourceTree = "<group>";
		};
		D67E8B9729E665C200E2366A /* Products */ = {
			isa = PBXGroup;
			children = (
				D67E8B9629E665C200E2366A /* BasicDAIPlayer.app */,
			);
			name = Products;
			sourceTree = "<group>";
		};
		D67E8B9829E665C200E2366A /* BasicDAIPlayer */ = {
			isa = PBXGroup;
			children = (
				D67E8B9929E665C200E2366A /* AppDelegate.h */,
				D67E8B9A29E665C200E2366A /* AppDelegate.m */,
				D67E8B9F29E665C200E2366A /* BaseViewController.h */,
				D67E8BA029E665C200E2366A /* BaseViewController.m */,
				D6F6FE832A14003B00B4102C /* VideoPropertiesViewController.h */,
				D6F6FE842A14003B00B4102C /* VideoPropertiesViewController.m */,
				D6F6FE7D2A13FFFE00B4102C /* AssetKeyViewController.h */,
				D6F6FE7E2A13FFFE00B4102C /* AssetKeyViewController.m */,
				D67E8BA229E665C200E2366A /* Main.storyboard */,
				D67E8BA529E665C300E2366A /* Assets.xcassets */,
				D67E8BA729E665C300E2366A /* LaunchScreen.storyboard */,
				D67E8BAA29E665C300E2366A /* Info.plist */,
				D67E8BAB29E665C300E2366A /* main.m */,
			);
			path = BasicDAIPlayer;
			sourceTree = "<group>";
		};
/* End PBXGroup section */

/* Begin PBXNativeTarget section */
		D67E8B9529E665C200E2366A /* BasicDAIPlayer */ = {
			isa = PBXNativeTarget;
			buildConfigurationList = D67E8BAF29E665C300E2366A /* Build configuration list for PBXNativeTarget "BasicDAIPlayer" */;
			buildPhases = (
				D67E8B9229E665C200E2366A /* Sources */,
				D67E8B9329E665C200E2366A /* Frameworks */,
				D67E8B9429E665C200E2366A /* Resources */,
			);
			buildRules = (
			);
			dependencies = (
			);
			name = BasicDAIPlayer;
			productName = BasicDAIPlayer;
			productReference = D67E8B9629E665C200E2366A /* BasicDAIPlayer.app */;
			productType = "com.apple.product-type.application";
		};
/* End PBXNativeTarget section */

/* Begin PBXProject section */
		D67E8B8E29E665C200E2366A /* Project object */ = {
			isa = PBXProject;
			attributes = {
				BuildIndependentTargetsInParallel = 1;
				LastUpgradeCheck = 1430;
				TargetAttributes = {
					D67E8B9529E665C200E2366A = {
						CreatedOnToolsVersion = 14.3;
					};
				};
			};
			buildConfigurationList = D67E8B9129E665C200E2366A /* Build configuration list for PBXProject "BasicDAIPlayer" */;
			compatibilityVersion = "Xcode 14.0";
			developmentRegion = en;
			hasScannedForEncodings = 0;
			knownRegions = (
				en,
				Base,
			);
			mainGroup = D67E8B8D29E665C200E2366A;
			productRefGroup = D67E8B9729E665C200E2366A /* Products */;
			projectDirPath = "";
			projectRoot = "";
			targets = (
				D67E8B9529E665C200E2366A /* BasicDAIPlayer */,
			);
		};
/* End PBXProject section */

/* Begin PBXResourcesBuildPhase section */
		D67E8B9429E665C200E2366A /* Resources */ = {
			isa = PBXResourcesBuildPhase;
			buildActionMask = 2147483647;
			files = (
				D67E8BA929E665C300E2366A /* LaunchScreen.storyboard in Resources */,
				D67E8BA629E665C300E2366A /* Assets.xcassets in Resources */,
				D67E8BA429E665C200E2366A /* Main.storyboard in Resources */,
			);
			runOnlyForDeploymentPostprocessing = 0;
		};
/* End PBXResourcesBuildPhase section */

/* Begin PBXSourcesBuildPhase section */
		D67E8B9229E665C200E2366A /* Sources */ = {
			isa = PBXSourcesBuildPhase;
			buildActionMask = 2147483647;
			files = (
				D67E8BA129E665C200E2366A /* BaseViewController.m in Sources */,
				D67E8B9B29E665C200E2366A /* AppDelegate.m in Sources */,
				D6F6FE852A14003B00B4102C /* VideoPropertiesViewController.m in Sources */,
				D67E8BAC29E665C300E2366A /* main.m in Sources */,
				D6F6FE7F2A13FFFE00B4102C /* AssetKeyViewController.m in Sources */,
			);
			runOnlyForDeploymentPostprocessing = 0;
		};
/* End PBXSourcesBuildPhase section */

/* Begin PBXVariantGroup section */
		D67E8BA229E665C200E2366A /* Main.storyboard */ = {
			isa = PBXVariantGroup;
			children = (
				D67E8BA329E665C200E2366A /* Base */,
			);
			name = Main.storyboard;
			sourceTree = "<group>";
		};
		D67E8BA729E665C300E2366A /* LaunchScreen.storyboard */ = {
			isa = PBXVariantGroup;
			children = (
				D67E8BA829E665C300E2366A /* Base */,
			);
			name = LaunchScreen.storyboard;
			sourceTree = "<group>";
		};
/* End PBXVariantGroup section */

/* Begin XCBuildConfiguration section */
		D67E8BAD29E665C300E2366A /* Debug */ = {
			isa = XCBuildConfiguration;
			buildSettings = {
				ALWAYS_SEARCH_USER_PATHS = NO;
				CLANG_ANALYZER_NONNULL = YES;
				CLANG_ANALYZER_NUMBER_OBJECT_CONVERSION = YES_AGGRESSIVE;
				CLANG_CXX_LANGUAGE_STANDARD = "gnu++20";
				CLANG_ENABLE_MODULES = YES;
				CLANG_ENABLE_OBJC_ARC = YES;
				CLANG_ENABLE_OBJC_WEAK = YES;
				CLANG_WARN_BLOCK_CAPTURE_AUTORELEASING = YES;
				CLANG_WARN_BOOL_CONVERSION = YES;
				CLANG_WARN_COMMA = YES;
				CLANG_WARN_CONSTANT_CONVERSION = YES;
				CLANG_WARN_DEPRECATED_OBJC_IMPLEMENTATIONS = YES;
				CLANG_WARN_DIRECT_OBJC_ISA_USAGE = YES_ERROR;
				CLANG_WARN_DOCUMENTATION_COMMENTS = YES;
				CLANG_WARN_EMPTY_BODY = YES;
				CLANG_WARN_ENUM_CONVERSION = YES;
				CLANG_WARN_INFINITE_RECURSION = YES;
				CLANG_WARN_INT_CONVERSION = YES;
				CLANG_WARN_NON_LITERAL_NULL_CONVERSION = YES;
				CLANG_WARN_OBJC_IMPLICIT_RETAIN_SELF = YES;
				CLANG_WARN_OBJC_LITERAL_CONVERSION = YES;
				CLANG_WARN_OBJC_ROOT_CLASS = YES_ERROR;
				CLANG_WARN_QUOTED_INCLUDE_IN_FRAMEWORK_HEADER = YES;
				CLANG_WARN_RANGE_LOOP_ANALYSIS = YES;
				CLANG_WARN_STRICT_PROTOTYPES = YES;
				CLANG_WARN_SUSPICIOUS_MOVE = YES;
				CLANG_WARN_UNGUARDED_AVAILABILITY = YES_AGGRESSIVE;
				CLANG_WARN_UNREACHABLE_CODE = YES;
				CLANG_WARN__DUPLICATE_METHOD_MATCH = YES;
				COPY_PHASE_STRIP = NO;
				DEBUG_INFORMATION_FORMAT = dwarf;
				ENABLE_STRICT_OBJC_MSGSEND = YES;
				ENABLE_TESTABILITY = YES;
				GCC_C_LANGUAGE_STANDARD = gnu11;
				GCC_DYNAMIC_NO_PIC = NO;
				GCC_NO_COMMON_BLOCKS = YES;
				GCC_OPTIMIZATION_LEVEL = 0;
				GCC_PREPROCESSOR_DEFINITIONS = (
					"DEBUG=1",
					"$(inherited)",
				);
				GCC_WARN_64_TO_32_BIT_CONVERSION = YES;
				GCC_WARN_ABOUT_RETURN_TYPE = YES_ERROR;
				GCC_WARN_UNDECLARED_SELECTOR = YES;
				GCC_WARN_UNINITIALIZED_AUTOS = YES_AGGRESSIVE;
				GCC_WARN_UNUSED_FUNCTION = YES;
				GCC_WARN_UNUSED_VARIABLE = YES;
				IPHONEOS_DEPLOYMENT_TARGET = 14.0;
				MTL_ENABLE_DEBUG_INFO = INCLUDE_SOURCE;
				MTL_FAST_MATH = YES;
				ONLY_ACTIVE_ARCH = YES;
				SDKROOT = iphoneos;
			};
			name = Debug;
		};
		D67E8BAE29E665C300E2366A /* Release */ = {
			isa = XCBuildConfiguration;
			buildSettings = {
				ALWAYS_SEARCH_USER_PATHS = NO;
				CLANG_ANALYZER_NONNULL = YES;
				CLANG_ANALYZER_NUMBER_OBJECT_CONVERSION = YES_AGGRESSIVE;
				CLANG_CXX_LANGUAGE_STANDARD = "gnu++20";
				CLANG_ENABLE_MODULES = YES;
				CLANG_ENABLE_OBJC_ARC = YES;
				CLANG_ENABLE_OBJC_WEAK = YES;
				CLANG_WARN_BLOCK_CAPTURE_AUTORELEASING = YES;
				CLANG_WARN_BOOL_CONVERSION = YES;
				CLANG_WARN_COMMA = YES;
				CLANG_WARN_CONSTANT_CONVERSION = YES;
				CLANG_WARN_DEPRECATED_OBJC_IMPLEMENTATIONS = YES;
				CLANG_WARN_DIRECT_OBJC_ISA_USAGE = YES_ERROR;
				CLANG_WARN_DOCUMENTATION_COMMENTS = YES;
				CLANG_WARN_EMPTY_BODY = YES;
				CLANG_WARN_ENUM_CONVERSION = YES;
				CLANG_WARN_INFINITE_RECURSION = YES;
				CLANG_WARN_INT_CONVERSION = YES;
				CLANG_WARN_NON_LITERAL_NULL_CONVERSION = YES;
				CLANG_WARN_OBJC_IMPLICIT_RETAIN_SELF = YES;
				CLANG_WARN_OBJC_LITERAL_CONVERSION = YES;
				CLANG_WARN_OBJC_ROOT_CLASS = YES_ERROR;
				CLANG_WARN_QUOTED_INCLUDE_IN_FRAMEWORK_HEADER = YES;
				CLANG_WARN_RANGE_LOOP_ANALYSIS = YES;
				CLANG_WARN_STRICT_PROTOTYPES = YES;
				CLANG_WARN_SUSPICIOUS_MOVE = YES;
				CLANG_WARN_UNGUARDED_AVAILABILITY = YES_AGGRESSIVE;
				CLANG_WARN_UNREACHABLE_CODE = YES;
				CLANG_WARN__DUPLICATE_METHOD_MATCH = YES;
				COPY_PHASE_STRIP = NO;
				DEBUG_INFORMATION_FORMAT = "dwarf-with-dsym";
				ENABLE_NS_ASSERTIONS = NO;
				ENABLE_STRICT_OBJC_MSGSEND = YES;
				GCC_C_LANGUAGE_STANDARD = gnu11;
				GCC_NO_COMMON_BLOCKS = YES;
				GCC_WARN_64_TO_32_BIT_CONVERSION = YES;
				GCC_WARN_ABOUT_RETURN_TYPE = YES_ERROR;
				GCC_WARN_UNDECLARED_SELECTOR = YES;
				GCC_WARN_UNINITIALIZED_AUTOS = YES_AGGRESSIVE;
				GCC_WARN_UNUSED_FUNCTION = YES;
				GCC_WARN_UNUSED_VARIABLE = YES;
				IPHONEOS_DEPLOYMENT_TARGET = 14.0;
				MTL_ENABLE_DEBUG_INFO = NO;
				MTL_FAST_MATH = YES;
				SDKROOT = iphoneos;
				VALIDATE_PRODUCT = YES;
			};
			name = Release;
		};
		D67E8BB029E665C300E2366A /* Debug */ = {
			isa = XCBuildConfiguration;
			buildSettings = {
				ASSETCATALOG_COMPILER_APPICON_NAME = AppIcon;
				ASSETCATALOG_COMPILER_GLOBAL_ACCENT_COLOR_NAME = AccentColor;
				CODE_SIGN_STYLE = Automatic;
				CURRENT_PROJECT_VERSION = 1;
				DEVELOPMENT_TEAM = "";
				FRAMEWORK_SEARCH_PATHS = "$(inherited)";
				GENERATE_INFOPLIST_FILE = YES;
				INFOPLIST_FILE = BasicDAIPlayer/Info.plist;
				INFOPLIST_KEY_UIApplicationSupportsIndirectInputEvents = YES;
				INFOPLIST_KEY_UILaunchStoryboardName = LaunchScreen;
				INFOPLIST_KEY_UIMainStoryboardFile = Main;
				INFOPLIST_KEY_UISupportedInterfaceOrientations_iPad = "UIInterfaceOrientationPortrait UIInterfaceOrientationPortraitUpsideDown UIInterfaceOrientationLandscapeLeft UIInterfaceOrientationLandscapeRight";
				INFOPLIST_KEY_UISupportedInterfaceOrientations_iPhone = "UIInterfaceOrientationPortrait UIInterfaceOrientationLandscapeLeft UIInterfaceOrientationLandscapeRight";
				IPHONEOS_DEPLOYMENT_TARGET = 14.0;
				LD_RUNPATH_SEARCH_PATHS = (
					"$(inherited)",
					"@executable_path/Frameworks",
				);
				MARKETING_VERSION = 1.0;
				PRODUCT_BUNDLE_IDENTIFIER = com.companyname.BasicDAIPlayer;
				PRODUCT_NAME = "$(TARGET_NAME)";
				SWIFT_EMIT_LOC_STRINGS = YES;
				TARGETED_DEVICE_FAMILY = "1,2";
			};
			name = Debug;
		};
		D67E8BB129E665C300E2366A /* Release */ = {
			isa = XCBuildConfiguration;
			buildSettings = {
				ASSETCATALOG_COMPILER_APPICON_NAME = AppIcon;
				ASSETCATALOG_COMPILER_GLOBAL_ACCENT_COLOR_NAME = AccentColor;
				CODE_SIGN_STYLE = Automatic;
				CURRENT_PROJECT_VERSION = 1;
				DEVELOPMENT_TEAM = "";
				FRAMEWORK_SEARCH_PATHS = "$(inherited)";
				GENERATE_INFOPLIST_FILE = YES;
				INFOPLIST_FILE = BasicDAIPlayer/Info.plist;
				INFOPLIST_KEY_UIApplicationSupportsIndirectInputEvents = YES;
				INFOPLIST_KEY_UILaunchStoryboardName = LaunchScreen;
				INFOPLIST_KEY_UIMainStoryboardFile = Main;
				INFOPLIST_KEY_UISupportedInterfaceOrientations_iPad = "UIInterfaceOrientationPortrait UIInterfaceOrientationPortraitUpsideDown UIInterfaceOrientationLandscapeLeft UIInterfaceOrientationLandscapeRight";
				INFOPLIST_KEY_UISupportedInterfaceOrientations_iPhone = "UIInterfaceOrientationPortrait UIInterfaceOrientationLandscapeLeft UIInterfaceOrientationLandscapeRight";
				IPHONEOS_DEPLOYMENT_TARGET = 14.0;
				LD_RUNPATH_SEARCH_PATHS = (
					"$(inherited)",
					"@executable_path/Frameworks",
				);
				MARKETING_VERSION = 1.0;
				PRODUCT_BUNDLE_IDENTIFIER = com.companyname.BasicDAIPlayer;
				PRODUCT_NAME = "$(TARGET_NAME)";
				SWIFT_EMIT_LOC_STRINGS = YES;
				TARGETED_DEVICE_FAMILY = "1,2";
			};
			name = Release;
		};
/* End XCBuildConfiguration section */

/* Begin XCConfigurationList section */
		D67E8B9129E665C200E2366A /* Build configuration list for PBXProject "BasicDAIPlayer" */ = {
			isa = XCConfigurationList;
			buildConfigurations = (
				D67E8BAD29E665C300E2366A /* Debug */,
				D67E8BAE29E665C300E2366A /* Release */,
			);
			defaultConfigurationIsVisible = 0;
			defaultConfigurationName = Release;
		};
		D67E8BAF29E665C300E2366A /* Build configuration list for PBXNativeTarget "BasicDAIPlayer" */ = {
			isa = XCConfigurationList;
			buildConfigurations = (
				D67E8BB029E665C300E2366A /* Debug */,
				D67E8BB129E665C300E2366A /* Release */,
			);
			defaultConfigurationIsVisible = 0;
			defaultConfigurationName = Release;
		};
/* End XCConfigurationList section */
	};
	rootObject = D67E8B8E29E665C200E2366A /* Project object */;
}
