// !$*UTF8*$!
{
	archiveVersion = 1;
	classes = {
	};
	objectVersion = 55;
	objects = {

/* Begin PBXBuildFile section */
		D624538227E3C145000161DB /* MaterialIcons.ttf in Resources */ = {isa = PBXBuildFile; fileRef = D624538127E3C145000161DB /* MaterialIcons.ttf */; };
		D6AB5DC1277BD087008B937F /* AppDelegate.m in Sources */ = {isa = PBXBuildFile; fileRef = D6AB5DC0277BD087008B937F /* AppDelegate.m */; };
		D6AB5DCA277BD087008B937F /* Main.storyboard in Resources */ = {isa = PBXBuildFile; fileRef = D6AB5DC8277BD087008B937F /* Main.storyboard */; };
		D6AB5DCC277BD092008B937F /* Assets.xcassets in Resources */ = {isa = PBXBuildFile; fileRef = D6AB5DCB277BD092008B937F /* Assets.xcassets */; };
		D6AB5DCF277BD092008B937F /* LaunchScreen.storyboard in Resources */ = {isa = PBXBuildFile; fileRef = D6AB5DCD277BD092008B937F /* LaunchScreen.storyboard */; };
		D6AB5DD2277BD092008B937F /* main.m in Sources */ = {isa = PBXBuildFile; fileRef = D6AB5DD1277BD092008B937F /* main.m */; };
		D6CA0C2327A7C2A6003B1C6B /* BCOVVideoPlayerManager.m in Sources */ = {isa = PBXBuildFile; fileRef = D6CA0C2227A7C2A6003B1C6B /* BCOVVideoPlayerManager.m */; };
		D6CA0C2927A834BA003B1C6B /* BCOVVideoPlayer.m in Sources */ = {isa = PBXBuildFile; fileRef = D6CA0C2827A834BA003B1C6B /* BCOVVideoPlayer.m */; };
/* End PBXBuildFile section */

/* Begin PBXFileReference section */
		2200CEA2287F3A67005522AC /* PlayerReactNative.app */ = {isa = PBXFileReference; explicitFileType = wrapper.application; includeInIndex = 0; path = PlayerReactNative.app; sourceTree = BUILT_PRODUCTS_DIR; };
		D624538127E3C145000161DB /* MaterialIcons.ttf */ = {isa = PBXFileReference; lastKnownFileType = file; name = MaterialIcons.ttf; path = "../../node_modules/react-native-vector-icons/Fonts/MaterialIcons.ttf"; sourceTree = "<group>"; };
		D6AB5DBF277BD087008B937F /* AppDelegate.h */ = {isa = PBXFileReference; lastKnownFileType = sourcecode.c.h; path = AppDelegate.h; sourceTree = "<group>"; };
		D6AB5DC0277BD087008B937F /* AppDelegate.m */ = {isa = PBXFileReference; lastKnownFileType = sourcecode.c.objc; path = AppDelegate.m; sourceTree = "<group>"; };
		D6AB5DC9277BD087008B937F /* Base */ = {isa = PBXFileReference; lastKnownFileType = file.storyboard; name = Base; path = Base.lproj/Main.storyboard; sourceTree = "<group>"; };
		D6AB5DCB277BD092008B937F /* Assets.xcassets */ = {isa = PBXFileReference; lastKnownFileType = folder.assetcatalog; path = Assets.xcassets; sourceTree = "<group>"; };
		D6AB5DCE277BD092008B937F /* Base */ = {isa = PBXFileReference; lastKnownFileType = file.storyboard; name = Base; path = Base.lproj/LaunchScreen.storyboard; sourceTree = "<group>"; };
		D6AB5DD0277BD092008B937F /* Info.plist */ = {isa = PBXFileReference; lastKnownFileType = text.plist.xml; path = Info.plist; sourceTree = "<group>"; };
		D6AB5DD1277BD092008B937F /* main.m */ = {isa = PBXFileReference; lastKnownFileType = sourcecode.c.objc; path = main.m; sourceTree = "<group>"; };
		D6CA0C2127A7C2A6003B1C6B /* BCOVVideoPlayerManager.h */ = {isa = PBXFileReference; lastKnownFileType = sourcecode.c.h; path = BCOVVideoPlayerManager.h; sourceTree = "<group>"; };
		D6CA0C2227A7C2A6003B1C6B /* BCOVVideoPlayerManager.m */ = {isa = PBXFileReference; lastKnownFileType = sourcecode.c.objc; path = BCOVVideoPlayerManager.m; sourceTree = "<group>"; };
		D6CA0C2727A834BA003B1C6B /* BCOVVideoPlayer.h */ = {isa = PBXFileReference; lastKnownFileType = sourcecode.c.h; path = BCOVVideoPlayer.h; sourceTree = "<group>"; };
		D6CA0C2827A834BA003B1C6B /* BCOVVideoPlayer.m */ = {isa = PBXFileReference; lastKnownFileType = sourcecode.c.objc; path = BCOVVideoPlayer.m; sourceTree = "<group>"; };
/* End PBXFileReference section */

/* Begin PBXFrameworksBuildPhase section */
		D6AB5DB9277BD087008B937F /* Frameworks */ = {
			isa = PBXFrameworksBuildPhase;
			buildActionMask = 2147483647;
			files = (
			);
			runOnlyForDeploymentPostprocessing = 0;
		};
/* End PBXFrameworksBuildPhase section */

/* Begin PBXGroup section */
		D624538027E3C128000161DB /* Fonts */ = {
			isa = PBXGroup;
			children = (
				D624538127E3C145000161DB /* MaterialIcons.ttf */,
			);
			name = Fonts;
			sourceTree = "<group>";
		};
		D6AB5DB3277BD087008B937F = {
			isa = PBXGroup;
			children = (
				D6AB5DBE277BD087008B937F /* PlayerReactNative */,
				2200CEA2287F3A67005522AC /* PlayerReactNative.app */,
			);
			sourceTree = "<group>";
		};
		D6AB5DBE277BD087008B937F /* PlayerReactNative */ = {
			isa = PBXGroup;
			children = (
				D624538027E3C128000161DB /* Fonts */,
				D6AB5DD8277BD0A2008B937F /* Support Files */,
				D6AB5DBF277BD087008B937F /* AppDelegate.h */,
				D6AB5DC0277BD087008B937F /* AppDelegate.m */,
				D6CA0C2727A834BA003B1C6B /* BCOVVideoPlayer.h */,
				D6CA0C2827A834BA003B1C6B /* BCOVVideoPlayer.m */,
				D6CA0C2127A7C2A6003B1C6B /* BCOVVideoPlayerManager.h */,
				D6CA0C2227A7C2A6003B1C6B /* BCOVVideoPlayerManager.m */,
			);
			path = PlayerReactNative;
			sourceTree = "<group>";
		};
		D6AB5DD8277BD0A2008B937F /* Support Files */ = {
			isa = PBXGroup;
			children = (
				D6AB5DD1277BD092008B937F /* main.m */,
				D6AB5DD0277BD092008B937F /* Info.plist */,
				D6AB5DCB277BD092008B937F /* Assets.xcassets */,
				D6AB5DC8277BD087008B937F /* Main.storyboard */,
				D6AB5DCD277BD092008B937F /* LaunchScreen.storyboard */,
			);
			name = "Support Files";
			sourceTree = "<group>";
		};
/* End PBXGroup section */

/* Begin PBXNativeTarget section */
		D6AB5DBB277BD087008B937F /* PlayerReactNative */ = {
			isa = PBXNativeTarget;
			buildConfigurationList = D6AB5DD5277BD092008B937F /* Build configuration list for PBXNativeTarget "PlayerReactNative" */;
			buildPhases = (
				D6AB5DB8277BD087008B937F /* Sources */,
				D6AB5DB9277BD087008B937F /* Frameworks */,
				D6AB5DBA277BD087008B937F /* Resources */,
			);
			buildRules = (
			);
			dependencies = (
			);
			name = PlayerReactNative;
			productName = PlayerReactNative;
			productReference = 2200CEA2287F3A67005522AC /* PlayerReactNative.app */;
			productType = "com.apple.product-type.application";
		};
/* End PBXNativeTarget section */

/* Begin PBXProject section */
		D6AB5DB4277BD087008B937F /* Project object */ = {
			isa = PBXProject;
			attributes = {
				BuildIndependentTargetsInParallel = 1;
				LastUpgradeCheck = 1320;
				TargetAttributes = {
					D6AB5DBB277BD087008B937F = {
						CreatedOnToolsVersion = 13.2.1;
					};
				};
			};
			buildConfigurationList = D6AB5DB7277BD087008B937F /* Build configuration list for PBXProject "PlayerReactNative" */;
			compatibilityVersion = "Xcode 13.0";
			developmentRegion = en;
			hasScannedForEncodings = 0;
			knownRegions = (
				en,
				Base,
			);
			mainGroup = D6AB5DB3277BD087008B937F;
			productRefGroup = D6AB5DB3277BD087008B937F;
			projectDirPath = "";
			projectRoot = "";
			targets = (
				D6AB5DBB277BD087008B937F /* PlayerReactNative */,
			);
		};
/* End PBXProject section */

/* Begin PBXResourcesBuildPhase section */
		D6AB5DBA277BD087008B937F /* Resources */ = {
			isa = PBXResourcesBuildPhase;
			buildActionMask = 2147483647;
			files = (
				D624538227E3C145000161DB /* MaterialIcons.ttf in Resources */,
				D6AB5DCF277BD092008B937F /* LaunchScreen.storyboard in Resources */,
				D6AB5DCC277BD092008B937F /* Assets.xcassets in Resources */,
				D6AB5DCA277BD087008B937F /* Main.storyboard in Resources */,
			);
			runOnlyForDeploymentPostprocessing = 0;
		};
/* End PBXResourcesBuildPhase section */

/* Begin PBXSourcesBuildPhase section */
		D6AB5DB8277BD087008B937F /* Sources */ = {
			isa = PBXSourcesBuildPhase;
			buildActionMask = 2147483647;
			files = (
				D6AB5DC1277BD087008B937F /* AppDelegate.m in Sources */,
				D6CA0C2927A834BA003B1C6B /* BCOVVideoPlayer.m in Sources */,
				D6AB5DD2277BD092008B937F /* main.m in Sources */,
				D6CA0C2327A7C2A6003B1C6B /* BCOVVideoPlayerManager.m in Sources */,
			);
			runOnlyForDeploymentPostprocessing = 0;
		};
/* End PBXSourcesBuildPhase section */

/* Begin PBXVariantGroup section */
		D6AB5DC8277BD087008B937F /* Main.storyboard */ = {
			isa = PBXVariantGroup;
			children = (
				D6AB5DC9277BD087008B937F /* Base */,
			);
			name = Main.storyboard;
			sourceTree = "<group>";
		};
		D6AB5DCD277BD092008B937F /* LaunchScreen.storyboard */ = {
			isa = PBXVariantGroup;
			children = (
				D6AB5DCE277BD092008B937F /* Base */,
			);
			name = LaunchScreen.storyboard;
			sourceTree = "<group>";
		};
/* End PBXVariantGroup section */

/* Begin XCBuildConfiguration section */
		D6AB5DD3277BD092008B937F /* Debug */ = {
			isa = XCBuildConfiguration;
			buildSettings = {
				ALWAYS_SEARCH_USER_PATHS = NO;
				CLANG_ANALYZER_NONNULL = YES;
				CLANG_ANALYZER_NUMBER_OBJECT_CONVERSION = YES_AGGRESSIVE;
				CLANG_CXX_LANGUAGE_STANDARD = "gnu++17";
				CLANG_CXX_LIBRARY = "libc++";
				CLANG_ENABLE_MODULES = YES;
				CLANG_ENABLE_OBJC_ARC = YES;
				CLANG_ENABLE_OBJC_WEAK = YES;
				CLANG_WARN_BLOCK_CAPTURE_AUTORELEASING = YES;
				CLANG_WARN_BOOL_CONVERSION = YES;
				CLANG_WARN_COMMA = YES;
				CLANG_WARN_CONSTANT_CONVERSION = YES;
				CLANG_WARN_DEPRECATED_OBJC_IMPLEMENTATIONS = YES;
				CLANG_WARN_DIRECT_OBJC_ISA_USAGE = YES_ERROR;
				CLANG_WARN_DOCUMENTATION_COMMENTS = YES;
				CLANG_WARN_EMPTY_BODY = YES;
				CLANG_WARN_ENUM_CONVERSION = YES;
				CLANG_WARN_INFINITE_RECURSION = YES;
				CLANG_WARN_INT_CONVERSION = YES;
				CLANG_WARN_NON_LITERAL_NULL_CONVERSION = YES;
				CLANG_WARN_OBJC_IMPLICIT_RETAIN_SELF = YES;
				CLANG_WARN_OBJC_LITERAL_CONVERSION = YES;
				CLANG_WARN_OBJC_ROOT_CLASS = YES_ERROR;
				CLANG_WARN_QUOTED_INCLUDE_IN_FRAMEWORK_HEADER = YES;
				CLANG_WARN_RANGE_LOOP_ANALYSIS = YES;
				CLANG_WARN_STRICT_PROTOTYPES = YES;
				CLANG_WARN_SUSPICIOUS_MOVE = YES;
				CLANG_WARN_UNGUARDED_AVAILABILITY = YES_AGGRESSIVE;
				CLANG_WARN_UNREACHABLE_CODE = YES;
				CLANG_WARN__DUPLICATE_METHOD_MATCH = YES;
				COPY_PHASE_STRIP = NO;
				DEBUG_INFORMATION_FORMAT = dwarf;
				ENABLE_BITCODE = NO;
				ENABLE_STRICT_OBJC_MSGSEND = YES;
				ENABLE_TESTABILITY = YES;
				"EXCLUDED_ARCHS[sdk=iphonesimulator*]" = "";
				GCC_C_LANGUAGE_STANDARD = gnu11;
				GCC_DYNAMIC_NO_PIC = NO;
				GCC_NO_COMMON_BLOCKS = YES;
				GCC_OPTIMIZATION_LEVEL = 0;
				GCC_PREPROCESSOR_DEFINITIONS = (
					"DEBUG=1",
					"$(inherited)",
				);
				GCC_WARN_64_TO_32_BIT_CONVERSION = YES;
				GCC_WARN_ABOUT_RETURN_TYPE = YES_ERROR;
				GCC_WARN_UNDECLARED_SELECTOR = YES;
				GCC_WARN_UNINITIALIZED_AUTOS = YES_AGGRESSIVE;
				GCC_WARN_UNUSED_FUNCTION = YES;
				GCC_WARN_UNUSED_VARIABLE = YES;
				IPHONEOS_DEPLOYMENT_TARGET = 11.0;
				MTL_ENABLE_DEBUG_INFO = INCLUDE_SOURCE;
				MTL_FAST_MATH = YES;
				ONLY_ACTIVE_ARCH = YES;
				SDKROOT = iphoneos;
			};
			name = Debug;
		};
		D6AB5DD4277BD092008B937F /* Release */ = {
			isa = XCBuildConfiguration;
			buildSettings = {
				ALWAYS_SEARCH_USER_PATHS = NO;
				CLANG_ANALYZER_NONNULL = YES;
				CLANG_ANALYZER_NUMBER_OBJECT_CONVERSION = YES_AGGRESSIVE;
				CLANG_CXX_LANGUAGE_STANDARD = "gnu++17";
				CLANG_CXX_LIBRARY = "libc++";
				CLANG_ENABLE_MODULES = YES;
				CLANG_ENABLE_OBJC_ARC = YES;
				CLANG_ENABLE_OBJC_WEAK = YES;
				CLANG_WARN_BLOCK_CAPTURE_AUTORELEASING = YES;
				CLANG_WARN_BOOL_CONVERSION = YES;
				CLANG_WARN_COMMA = YES;
				CLANG_WARN_CONSTANT_CONVERSION = YES;
				CLANG_WARN_DEPRECATED_OBJC_IMPLEMENTATIONS = YES;
				CLANG_WARN_DIRECT_OBJC_ISA_USAGE = YES_ERROR;
				CLANG_WARN_DOCUMENTATION_COMMENTS = YES;
				CLANG_WARN_EMPTY_BODY = YES;
				CLANG_WARN_ENUM_CONVERSION = YES;
				CLANG_WARN_INFINITE_RECURSION = YES;
				CLANG_WARN_INT_CONVERSION = YES;
				CLANG_WARN_NON_LITERAL_NULL_CONVERSION = YES;
				CLANG_WARN_OBJC_IMPLICIT_RETAIN_SELF = YES;
				CLANG_WARN_OBJC_LITERAL_CONVERSION = YES;
				CLANG_WARN_OBJC_ROOT_CLASS = YES_ERROR;
				CLANG_WARN_QUOTED_INCLUDE_IN_FRAMEWORK_HEADER = YES;
				CLANG_WARN_RANGE_LOOP_ANALYSIS = YES;
				CLANG_WARN_STRICT_PROTOTYPES = YES;
				CLANG_WARN_SUSPICIOUS_MOVE = YES;
				CLANG_WARN_UNGUARDED_AVAILABILITY = YES_AGGRESSIVE;
				CLANG_WARN_UNREACHABLE_CODE = YES;
				CLANG_WARN__DUPLICATE_METHOD_MATCH = YES;
				COPY_PHASE_STRIP = NO;
				DEBUG_INFORMATION_FORMAT = "dwarf-with-dsym";
				ENABLE_BITCODE = NO;
				ENABLE_NS_ASSERTIONS = NO;
				ENABLE_STRICT_OBJC_MSGSEND = YES;
				"EXCLUDED_ARCHS[sdk=iphonesimulator*]" = "";
				GCC_C_LANGUAGE_STANDARD = gnu11;
				GCC_NO_COMMON_BLOCKS = YES;
				GCC_WARN_64_TO_32_BIT_CONVERSION = YES;
				GCC_WARN_ABOUT_RETURN_TYPE = YES_ERROR;
				GCC_WARN_UNDECLARED_SELECTOR = YES;
				GCC_WARN_UNINITIALIZED_AUTOS = YES_AGGRESSIVE;
				GCC_WARN_UNUSED_FUNCTION = YES;
				GCC_WARN_UNUSED_VARIABLE = YES;
				IPHONEOS_DEPLOYMENT_TARGET = 11.0;
				MTL_ENABLE_DEBUG_INFO = NO;
				MTL_FAST_MATH = YES;
				SDKROOT = iphoneos;
				VALIDATE_PRODUCT = YES;
			};
			name = Release;
		};
		D6AB5DD6277BD092008B937F /* Debug */ = {
			isa = XCBuildConfiguration;
			buildSettings = {
				ASSETCATALOG_COMPILER_APPICON_NAME = AppIcon;
				ASSETCATALOG_COMPILER_GLOBAL_ACCENT_COLOR_NAME = AccentColor;
				CODE_SIGN_STYLE = Automatic;
				CURRENT_PROJECT_VERSION = 1;
				DEVELOPMENT_TEAM = "";
				GENERATE_INFOPLIST_FILE = YES;
				INFOPLIST_FILE = PlayerReactNative/Info.plist;
				INFOPLIST_KEY_UIApplicationSupportsIndirectInputEvents = YES;
				INFOPLIST_KEY_UILaunchStoryboardName = LaunchScreen;
				INFOPLIST_KEY_UIMainStoryboardFile = Main;
				INFOPLIST_KEY_UISupportedInterfaceOrientations_iPad = "UIInterfaceOrientationPortrait UIInterfaceOrientationPortraitUpsideDown UIInterfaceOrientationLandscapeLeft UIInterfaceOrientationLandscapeRight";
				INFOPLIST_KEY_UISupportedInterfaceOrientations_iPhone = "UIInterfaceOrientationPortrait UIInterfaceOrientationLandscapeLeft UIInterfaceOrientationLandscapeRight";
				IPHONEOS_DEPLOYMENT_TARGET = 11.0;
				LD_RUNPATH_SEARCH_PATHS = (
					"$(inherited)",
					"@executable_path/Frameworks",
				);
				MARKETING_VERSION = 1.0;
				PRODUCT_BUNDLE_IDENTIFIER = com.yourcompany.PlayerReactNative;
				PRODUCT_NAME = "$(TARGET_NAME)";
				SWIFT_EMIT_LOC_STRINGS = YES;
				TARGETED_DEVICE_FAMILY = "1,2";
			};
			name = Debug;
		};
		D6AB5DD7277BD092008B937F /* Release */ = {
			isa = XCBuildConfiguration;
			buildSettings = {
				ASSETCATALOG_COMPILER_APPICON_NAME = AppIcon;
				ASSETCATALOG_COMPILER_GLOBAL_ACCENT_COLOR_NAME = AccentColor;
				CODE_SIGN_STYLE = Automatic;
				CURRENT_PROJECT_VERSION = 1;
				DEVELOPMENT_TEAM = "";
				GENERATE_INFOPLIST_FILE = YES;
				INFOPLIST_FILE = PlayerReactNative/Info.plist;
				INFOPLIST_KEY_UIApplicationSupportsIndirectInputEvents = YES;
				INFOPLIST_KEY_UILaunchStoryboardName = LaunchScreen;
				INFOPLIST_KEY_UIMainStoryboardFile = Main;
				INFOPLIST_KEY_UISupportedInterfaceOrientations_iPad = "UIInterfaceOrientationPortrait UIInterfaceOrientationPortraitUpsideDown UIInterfaceOrientationLandscapeLeft UIInterfaceOrientationLandscapeRight";
				INFOPLIST_KEY_UISupportedInterfaceOrientations_iPhone = "UIInterfaceOrientationPortrait UIInterfaceOrientationLandscapeLeft UIInterfaceOrientationLandscapeRight";
				IPHONEOS_DEPLOYMENT_TARGET = 11.0;
				LD_RUNPATH_SEARCH_PATHS = (
					"$(inherited)",
					"@executable_path/Frameworks",
				);
				MARKETING_VERSION = 1.0;
				PRODUCT_BUNDLE_IDENTIFIER = com.yourcompany.PlayerReactNative;
				PRODUCT_NAME = "$(TARGET_NAME)";
				SWIFT_EMIT_LOC_STRINGS = YES;
				TARGETED_DEVICE_FAMILY = "1,2";
			};
			name = Release;
		};
/* End XCBuildConfiguration section */

/* Begin XCConfigurationList section */
		D6AB5DB7277BD087008B937F /* Build configuration list for PBXProject "PlayerReactNative" */ = {
			isa = XCConfigurationList;
			buildConfigurations = (
				D6AB5DD3277BD092008B937F /* Debug */,
				D6AB5DD4277BD092008B937F /* Release */,
			);
			defaultConfigurationIsVisible = 0;
			defaultConfigurationName = Release;
		};
		D6AB5DD5277BD092008B937F /* Build configuration list for PBXNativeTarget "PlayerReactNative" */ = {
			isa = XCConfigurationList;
			buildConfigurations = (
				D6AB5DD6277BD092008B937F /* Debug */,
				D6AB5DD7277BD092008B937F /* Release */,
			);
			defaultConfigurationIsVisible = 0;
			defaultConfigurationName = Release;
		};
/* End XCConfigurationList section */
	};
	rootObject = D6AB5DB4277BD087008B937F /* Project object */;
}
