PODS:
  - Brightcove-Player-SDK (4.2.1)
  - Brightcove-Player-SDK-IMA (1.1.1):
    - Brightcove-Player-SDK (~> 4.2)
    - Brightcove-Player-SDK-IMA/Default
  - Brightcove-Player-SDK-IMA/Core (1.1.1):
    - Brightcove-Player-SDK (~> 4.2)
  - Brightcove-Player-SDK-IMA/Default (1.1.1):
    - Brightcove-Player-SDK (~> 4.2)
    - Brightcove-Player-SDK-IMA/Core
    - GoogleAds-IMA-iOS-SDK (= 3.0.beta.9)
  - Brightcove-Player-SDK-Widevine (1.2.0):
    - Brightcove-Player-SDK (~> 4.2)
    - Widevine-iOS (= 6.0.0.12790)
  - GoogleAds-IMA-iOS-SDK (3.0.beta.9)
  - Widevine-iOS (6.0.0.12790)

DEPENDENCIES:
  - Brightcove-Player-SDK-IMA
  - Brightcove-Player-SDK-Widevine

SPEC CHECKSUMS:
  Brightcove-Player-SDK: 7b05e549d7b6cdbb897fce2fec441d6aadc6aac0
  Brightcove-Player-SDK-IMA: 13ccc8291054e0fd88dd7444d40f8124524b7051
  Brightcove-Player-SDK-Widevine: db1ce118212a10ee9347b2948184eb16a73fa86e
  GoogleAds-IMA-iOS-SDK: 6d0693eee0c634b68941f9a4dede462012a256eb
  Widevine-iOS: 650dccafb65ed5a96c05d47fc2e04dce36904e9d

COCOAPODS: 0.34.4
